
Microsoft Visual Studio Solution File, Format Version 12.00
# Visual Studio Version 17
VisualStudioVersion = 17.2.32505.173
MinimumVisualStudioVersion = 10.0.40219.1
Project("{9A19103F-16F7-4668-BE54-9A1E7A4F7556}") = "FileService.API", "FileService.API\FileService.API.csproj", "{54ADF245-36B7-4871-A962-B4FDEB7FD0C5}"
EndProject
Project("{9A19103F-16F7-4668-BE54-9A1E7A4F7556}") = "FileService.Contracts", "FileService.Contracts\FileService.Contracts.csproj", "{BA883BB2-00FA-4F45-8477-D5939AE19F8F}"
EndProject
Project("{9A19103F-16F7-4668-BE54-9A1E7A4F7556}") = "FileService.Core", "FileService.Core\FileService.Core.csproj", "{EE0F12A5-DE22-4790-B4A0-328B2D12E906}"
EndProject
Project("{9A19103F-16F7-4668-BE54-9A1E7A4F7556}") = "FileService.Infrastructure", "FileService.Infrastructure\FileService.Infrastructure.csproj", "{F1603696-5922-4AB2-B7A4-BB10593157BE}"
EndProject
Project("{9A19103F-16F7-4668-BE54-9A1E7A4F7556}") = "FileService.Application", "FileService.Application\FileService.Application.csproj", "{8F63F00A-F91E-441E-B454-78ADA05F8663}"
EndProject
Project("{2150E333-8FDC-42A3-9474-1A3956D46DE8}") = "BuildingBlocks", "BuildingBlocks", "{048AFE73-8248-4461-8251-25CBF4F6829B}"
EndProject
Project("{9A19103F-16F7-4668-BE54-9A1E7A4F7556}") = "BuildingBlocks.Domain", "..\..\BuildingBlocks\BuildingBlocks.Domain\BuildingBlocks.Domain.csproj", "{C34409B3-E05C-4CFC-A1F6-329A310FE456}"
EndProject
Project("{9A19103F-16F7-4668-BE54-9A1E7A4F7556}") = "BuildingBlocks.Exceptions", "..\..\BuildingBlocks\BuildingBlocks.Exceptions\BuildingBlocks.Exceptions.csproj", "{B32727FF-5962-4E91-8B3A-E87AA2DC1472}"
EndProject
Project("{9A19103F-16F7-4668-BE54-9A1E7A4F7556}") = "BuildingBlocks.Extensions", "..\..\BuildingBlocks\BuildingBlocks.Extensions\BuildingBlocks.Extensions.csproj", "{F977D20B-9EB2-4699-A3A1-23CD48C52AB8}"
EndProject
Project("{9A19103F-16F7-4668-BE54-9A1E7A4F7556}") = "BuildingBlocks.Masstransit", "..\..\BuildingBlocks\BuildingBlocks.Masstransit\BuildingBlocks.Masstransit.csproj", "{908ED9F5-885F-4E3F-ABD2-2F323DAFC3E5}"
EndProject
Project("{9A19103F-16F7-4668-BE54-9A1E7A4F7556}") = "BuildingBlocks.Middleware", "..\..\BuildingBlocks\BuildingBlocks.Middleware\BuildingBlocks.Middleware.csproj", "{AAD033BA-9414-42B9-92DE-FE4B85D1B4F9}"
EndProject
Project("{9A19103F-16F7-4668-BE54-9A1E7A4F7556}") = "BuildingBlocks.Mongo", "..\..\BuildingBlocks\BuildingBlocks.Mongo\BuildingBlocks.Mongo.csproj", "{318F4A02-9C42-498A-A401-CEAFA2F9D52A}"
EndProject
Project("{9A19103F-16F7-4668-BE54-9A1E7A4F7556}") = "BuildingBlocks.EfCore", "..\..\BuildingBlocks\BuildingBlocks.EfCore\BuildingBlocks.EfCore.csproj", "{F8539F54-BF7D-491D-91A3-39AA7F392F0E}"
EndProject
Project("{9A19103F-16F7-4668-BE54-9A1E7A4F7556}") = "BuildingBlocks.Redis", "..\..\BuildingBlocks\BuildingBlocks.Redis\BuildingBlocks.Redis.csproj", "{944AA7D9-BD5C-42F1-A371-193F4E8EFBBD}"
EndProject
Global
	GlobalSection(SolutionConfigurationPlatforms) = preSolution
		Debug|Any CPU = Debug|Any CPU
		Release|Any CPU = Release|Any CPU
	EndGlobalSection
	GlobalSection(ProjectConfigurationPlatforms) = postSolution
		{54ADF245-36B7-4871-A962-B4FDEB7FD0C5}.Debug|Any CPU.ActiveCfg = Debug|Any CPU
		{54ADF245-36B7-4871-A962-B4FDEB7FD0C5}.Debug|Any CPU.Build.0 = Debug|Any CPU
		{54ADF245-36B7-4871-A962-B4FDEB7FD0C5}.Release|Any CPU.ActiveCfg = Release|Any CPU
		{54ADF245-36B7-4871-A962-B4FDEB7FD0C5}.Release|Any CPU.Build.0 = Release|Any CPU
		{BA883BB2-00FA-4F45-8477-D5939AE19F8F}.Debug|Any CPU.ActiveCfg = Debug|Any CPU
		{BA883BB2-00FA-4F45-8477-D5939AE19F8F}.Debug|Any CPU.Build.0 = Debug|Any CPU
		{BA883BB2-00FA-4F45-8477-D5939AE19F8F}.Release|Any CPU.ActiveCfg = Release|Any CPU
		{BA883BB2-00FA-4F45-8477-D5939AE19F8F}.Release|Any CPU.Build.0 = Release|Any CPU
		{EE0F12A5-DE22-4790-B4A0-328B2D12E906}.Debug|Any CPU.ActiveCfg = Debug|Any CPU
		{EE0F12A5-DE22-4790-B4A0-328B2D12E906}.Debug|Any CPU.Build.0 = Debug|Any CPU
		{EE0F12A5-DE22-4790-B4A0-328B2D12E906}.Release|Any CPU.ActiveCfg = Release|Any CPU
		{EE0F12A5-DE22-4790-B4A0-328B2D12E906}.Release|Any CPU.Build.0 = Release|Any CPU
		{F1603696-5922-4AB2-B7A4-BB10593157BE}.Debug|Any CPU.ActiveCfg = Debug|Any CPU
		{F1603696-5922-4AB2-B7A4-BB10593157BE}.Debug|Any CPU.Build.0 = Debug|Any CPU
		{F1603696-5922-4AB2-B7A4-BB10593157BE}.Release|Any CPU.ActiveCfg = Release|Any CPU
		{F1603696-5922-4AB2-B7A4-BB10593157BE}.Release|Any CPU.Build.0 = Release|Any CPU
		{8F63F00A-F91E-441E-B454-78ADA05F8663}.Debug|Any CPU.ActiveCfg = Debug|Any CPU
		{8F63F00A-F91E-441E-B454-78ADA05F8663}.Debug|Any CPU.Build.0 = Debug|Any CPU
		{8F63F00A-F91E-441E-B454-78ADA05F8663}.Release|Any CPU.ActiveCfg = Release|Any CPU
		{8F63F00A-F91E-441E-B454-78ADA05F8663}.Release|Any CPU.Build.0 = Release|Any CPU
		{C34409B3-E05C-4CFC-A1F6-329A310FE456}.Debug|Any CPU.ActiveCfg = Debug|Any CPU
		{C34409B3-E05C-4CFC-A1F6-329A310FE456}.Debug|Any CPU.Build.0 = Debug|Any CPU
		{C34409B3-E05C-4CFC-A1F6-329A310FE456}.Release|Any CPU.ActiveCfg = Release|Any CPU
		{C34409B3-E05C-4CFC-A1F6-329A310FE456}.Release|Any CPU.Build.0 = Release|Any CPU
		{B32727FF-5962-4E91-8B3A-E87AA2DC1472}.Debug|Any CPU.ActiveCfg = Debug|Any CPU
		{B32727FF-5962-4E91-8B3A-E87AA2DC1472}.Debug|Any CPU.Build.0 = Debug|Any CPU
		{B32727FF-5962-4E91-8B3A-E87AA2DC1472}.Release|Any CPU.ActiveCfg = Release|Any CPU
		{B32727FF-5962-4E91-8B3A-E87AA2DC1472}.Release|Any CPU.Build.0 = Release|Any CPU
		{F977D20B-9EB2-4699-A3A1-23CD48C52AB8}.Debug|Any CPU.ActiveCfg = Debug|Any CPU
		{F977D20B-9EB2-4699-A3A1-23CD48C52AB8}.Debug|Any CPU.Build.0 = Debug|Any CPU
		{F977D20B-9EB2-4699-A3A1-23CD48C52AB8}.Release|Any CPU.ActiveCfg = Release|Any CPU
		{F977D20B-9EB2-4699-A3A1-23CD48C52AB8}.Release|Any CPU.Build.0 = Release|Any CPU
		{908ED9F5-885F-4E3F-ABD2-2F323DAFC3E5}.Debug|Any CPU.ActiveCfg = Debug|Any CPU
		{908ED9F5-885F-4E3F-ABD2-2F323DAFC3E5}.Debug|Any CPU.Build.0 = Debug|Any CPU
		{908ED9F5-885F-4E3F-ABD2-2F323DAFC3E5}.Release|Any CPU.ActiveCfg = Release|Any CPU
		{908ED9F5-885F-4E3F-ABD2-2F323DAFC3E5}.Release|Any CPU.Build.0 = Release|Any CPU
		{AAD033BA-9414-42B9-92DE-FE4B85D1B4F9}.Debug|Any CPU.ActiveCfg = Debug|Any CPU
		{AAD033BA-9414-42B9-92DE-FE4B85D1B4F9}.Debug|Any CPU.Build.0 = Debug|Any CPU
		{AAD033BA-9414-42B9-92DE-FE4B85D1B4F9}.Release|Any CPU.ActiveCfg = Release|Any CPU
		{AAD033BA-9414-42B9-92DE-FE4B85D1B4F9}.Release|Any CPU.Build.0 = Release|Any CPU
		{318F4A02-9C42-498A-A401-CEAFA2F9D52A}.Debug|Any CPU.ActiveCfg = Debug|Any CPU
		{318F4A02-9C42-498A-A401-CEAFA2F9D52A}.Debug|Any CPU.Build.0 = Debug|Any CPU
		{318F4A02-9C42-498A-A401-CEAFA2F9D52A}.Release|Any CPU.ActiveCfg = Release|Any CPU
		{318F4A02-9C42-498A-A401-CEAFA2F9D52A}.Release|Any CPU.Build.0 = Release|Any CPU
		{F8539F54-BF7D-491D-91A3-39AA7F392F0E}.Debug|Any CPU.ActiveCfg = Debug|Any CPU
		{F8539F54-BF7D-491D-91A3-39AA7F392F0E}.Debug|Any CPU.Build.0 = Debug|Any CPU
		{F8539F54-BF7D-491D-91A3-39AA7F392F0E}.Release|Any CPU.ActiveCfg = Release|Any CPU
		{F8539F54-BF7D-491D-91A3-39AA7F392F0E}.Release|Any CPU.Build.0 = Release|Any CPU
		{944AA7D9-BD5C-42F1-A371-193F4E8EFBBD}.Debug|Any CPU.ActiveCfg = Debug|Any CPU
		{944AA7D9-BD5C-42F1-A371-193F4E8EFBBD}.Debug|Any CPU.Build.0 = Debug|Any CPU
		{944AA7D9-BD5C-42F1-A371-193F4E8EFBBD}.Release|Any CPU.ActiveCfg = Release|Any CPU
		{944AA7D9-BD5C-42F1-A371-193F4E8EFBBD}.Release|Any CPU.Build.0 = Release|Any CPU
	EndGlobalSection
	GlobalSection(SolutionProperties) = preSolution
		HideSolutionNode = FALSE
	EndGlobalSection
	GlobalSection(NestedProjects) = preSolution
		{C34409B3-E05C-4CFC-A1F6-329A310FE456} = {048AFE73-8248-4461-8251-25CBF4F6829B}
		{B32727FF-5962-4E91-8B3A-E87AA2DC1472} = {048AFE73-8248-4461-8251-25CBF4F6829B}
		{F977D20B-9EB2-4699-A3A1-23CD48C52AB8} = {048AFE73-8248-4461-8251-25CBF4F6829B}
		{908ED9F5-885F-4E3F-ABD2-2F323DAFC3E5} = {048AFE73-8248-4461-8251-25CBF4F6829B}
		{AAD033BA-9414-42B9-92DE-FE4B85D1B4F9} = {048AFE73-8248-4461-8251-25CBF4F6829B}
		{318F4A02-9C42-498A-A401-CEAFA2F9D52A} = {048AFE73-8248-4461-8251-25CBF4F6829B}
		{F8539F54-BF7D-491D-91A3-39AA7F392F0E} = {048AFE73-8248-4461-8251-25CBF4F6829B}
		{944AA7D9-BD5C-42F1-A371-193F4E8EFBBD} = {048AFE73-8248-4461-8251-25CBF4F6829B}
	EndGlobalSection
	GlobalSection(ExtensibilityGlobals) = postSolution
		SolutionGuid = {8F360110-AA37-40D2-95D6-0586BADB4281}
	EndGlobalSection
EndGlobal
