
Microsoft Visual Studio Solution File, Format Version 12.00
# Visual Studio Version 17
VisualStudioVersion = 17.2.32505.173
MinimumVisualStudioVersion = 10.0.40219.1
Project("{9A19103F-16F7-4668-BE54-9A1E7A4F7556}") = "IdentityService.API", "Services\IdentityService\IdentityService.API\IdentityService.API.csproj", "{FDB9CFD3-2020-4B1E-A018-2BE5231F2792}"
EndProject
Project("{9A19103F-16F7-4668-BE54-9A1E7A4F7556}") = "IdentityService.Application", "Services\IdentityService\IdentityService.Application\IdentityService.Application.csproj", "{F2ADF61C-4304-4D84-BDB2-A79E9A9E09EA}"
EndProject
Project("{9A19103F-16F7-4668-BE54-9A1E7A4F7556}") = "IdentityService.Core", "Services\IdentityService\IdentityService.Core\IdentityService.Core.csproj", "{95816264-E4DC-4D86-838B-93A68D5B0FDF}"
EndProject
Project("{9A19103F-16F7-4668-BE54-9A1E7A4F7556}") = "IdentityService.Infrastructure", "Services\IdentityService\IdentityService.Infrastructure\IdentityService.Infrastructure.csproj", "{64792C04-F534-49F8-99E5-9D2CE34AB6C9}"
EndProject
Project("{9A19103F-16F7-4668-BE54-9A1E7A4F7556}") = "CatalogService.API", "Services\CatalogService\CatalogService.API\CatalogService.API.csproj", "{555E1975-423C-43A6-BFBB-966A1DDC8CA1}"
EndProject
Project("{9A19103F-16F7-4668-BE54-9A1E7A4F7556}") = "CatalogService.Application", "Services\CatalogService\CatalogService.Application\CatalogService.Application.csproj", "{BE27C7BE-1B83-4866-A144-742E7760076C}"
EndProject
Project("{9A19103F-16F7-4668-BE54-9A1E7A4F7556}") = "CatalogService.Core", "Services\CatalogService\CatalogService.Core\CatalogService.Core.csproj", "{FFE09541-CA99-4C35-9DD2-483897708DCB}"
EndProject
Project("{9A19103F-16F7-4668-BE54-9A1E7A4F7556}") = "CatalogService.Infrastructure", "Services\CatalogService\CatalogService.Infrastructure\CatalogService.Infrastructure.csproj", "{88F3F451-4377-4B40-BCA4-8A5F3A5AE719}"
EndProject
Project("{2150E333-8FDC-42A3-9474-1A3956D46DE8}") = "Gateway", "Gateway", "{96388AD6-0B12-4C68-A54A-3EE811EF96D9}"
EndProject
Project("{2150E333-8FDC-42A3-9474-1A3956D46DE8}") = "Envoy", "Envoy", "{016D2C7B-35E1-4FE8-B3E2-9F9949A75978}"
	ProjectSection(SolutionItems) = preProject
		Gateway\Envoy\Dockerfile = Gateway\Envoy\Dockerfile
		Gateway\Envoy\entrypoint.sh = Gateway\Envoy\entrypoint.sh
		Gateway\Envoy\envoy.yaml = Gateway\Envoy\envoy.yaml
	EndProjectSection
EndProject
Project("{9A19103F-16F7-4668-BE54-9A1E7A4F7556}") = "BuildingBlocks", "BuildingBlocks\BuildingBlocks.csproj", "{33D53795-1CF4-4177-A813-502CAE80109F}"
EndProject
Project("{9A19103F-16F7-4668-BE54-9A1E7A4F7556}") = "TenantService.API", "Services\TenantService\TenantService.API\TenantService.API.csproj", "{E97CBCB2-7E21-48E4-A182-4EC0E056500C}"
EndProject
Project("{9A19103F-16F7-4668-BE54-9A1E7A4F7556}") = "TenantService.Application", "Services\TenantService\TenantService.Application\TenantService.Application.csproj", "{7DAB8300-E0FD-4BF4-84FF-15BD526AC39F}"
EndProject
Project("{9A19103F-16F7-4668-BE54-9A1E7A4F7556}") = "TenantService.Contracts", "Services\TenantService\TenantService.Contracts\TenantService.Contracts.csproj", "{13AD790D-1F97-4275-83DE-442A8C25B380}"
EndProject
Project("{9A19103F-16F7-4668-BE54-9A1E7A4F7556}") = "TenantService.Core", "Services\TenantService\TenantService.Core\TenantService.Core.csproj", "{8EF1091A-BC1C-4D0F-8F09-4CAD66660846}"
EndProject
Project("{9A19103F-16F7-4668-BE54-9A1E7A4F7556}") = "TenantService.Infrastructure", "Services\TenantService\TenantService.Infrastructure\TenantService.Infrastructure.csproj", "{00EB1B91-7B4F-400D-B55B-65AAA3E4DB87}"
EndProject
Project("{2150E333-8FDC-42A3-9474-1A3956D46DE8}") = "OrderService", "OrderService", "{3E48479E-36BA-4E39-82FD-43FF28CB2979}"
EndProject
Project("{9A19103F-16F7-4668-BE54-9A1E7A4F7556}") = "OrderService.API", "Services\OrderService\OrderService.API\OrderService.API.csproj", "{07CFC76E-BFA1-4992-B65E-C4F51CD75285}"
EndProject
Project("{9A19103F-16F7-4668-BE54-9A1E7A4F7556}") = "OrderService.Application", "Services\OrderService\OrderService.Application\OrderService.Application.csproj", "{337C0009-E581-4364-AEF4-7261320870B6}"
EndProject
Project("{9A19103F-16F7-4668-BE54-9A1E7A4F7556}") = "OrderService.Contracts", "Services\OrderService\OrderService.Contracts\OrderService.Contracts.csproj", "{12D2E7C5-EABE-4937-AC4E-4A6E598CDA56}"
EndProject
Project("{9A19103F-16F7-4668-BE54-9A1E7A4F7556}") = "OrderService.Core", "Services\OrderService\OrderService.Core\OrderService.Core.csproj", "{C9FB20A5-1965-4795-A13C-ADF086436A6B}"
EndProject
Project("{9A19103F-16F7-4668-BE54-9A1E7A4F7556}") = "OrderService.Infrastructure", "Services\OrderService\OrderService.Infrastructure\OrderService.Infrastructure.csproj", "{224FA851-65E2-458A-BA19-4CFC5CA40044}"
EndProject
Project("{2150E333-8FDC-42A3-9474-1A3956D46DE8}") = "CatalogService", "CatalogService", "{8D308AE8-E0B2-4494-A47B-DE7F363944D6}"
EndProject
Project("{2150E333-8FDC-42A3-9474-1A3956D46DE8}") = "IdentityService", "IdentityService", "{E4FC64CB-6D58-4B03-B0D3-AB3018C7F90E}"
EndProject
Project("{2150E333-8FDC-42A3-9474-1A3956D46DE8}") = "DeliveryService", "DeliveryService", "{34670934-3D4E-404B-94C3-4B4747DB1DE9}"
EndProject
Project("{9A19103F-16F7-4668-BE54-9A1E7A4F7556}") = "DeliveryService.API", "Services\DeliveryService\DeliveryService.API\DeliveryService.API.csproj", "{862187D0-8760-412F-8183-D7A60F4DF3D9}"
EndProject
Project("{9A19103F-16F7-4668-BE54-9A1E7A4F7556}") = "DeliveryService.Application", "Services\DeliveryService\DeliveryService.Application\DeliveryService.Application.csproj", "{4A6B0628-7E63-4DCE-8E51-4DDB4C228E4E}"
EndProject
Project("{9A19103F-16F7-4668-BE54-9A1E7A4F7556}") = "DeliveryService.Contracts", "Services\DeliveryService\DeliveryService.Contracts\DeliveryService.Contracts.csproj", "{EE5C68D7-800C-4741-B4F2-3FCE1A3AF2BF}"
EndProject
Project("{9A19103F-16F7-4668-BE54-9A1E7A4F7556}") = "DeliveryService.Core", "Services\DeliveryService\DeliveryService.Core\DeliveryService.Core.csproj", "{FACEB17A-04AD-4299-827B-DBBF9205AD6C}"
EndProject
Project("{9A19103F-16F7-4668-BE54-9A1E7A4F7556}") = "DeliveryService.Infrastructure", "Services\DeliveryService\DeliveryService.Infrastructure\DeliveryService.Infrastructure.csproj", "{C609010D-C177-434D-9322-E4FF8DF646FA}"
EndProject
Project("{2150E333-8FDC-42A3-9474-1A3956D46DE8}") = "FileService", "FileService", "{85E870EC-DFE4-45CA-B557-1706208080FF}"
EndProject
Project("{2150E333-8FDC-42A3-9474-1A3956D46DE8}") = "TenantService", "TenantService", "{7AEFC6A7-C361-4830-8992-7F029B620E00}"
EndProject
Project("{9A19103F-16F7-4668-BE54-9A1E7A4F7556}") = "FileService.API", "Services\FileService\FileService.API\FileService.API.csproj", "{563ED527-600C-4303-9B90-F0A3075A4D43}"
EndProject
Project("{9A19103F-16F7-4668-BE54-9A1E7A4F7556}") = "FileService.Application", "Services\FileService\FileService.Application\FileService.Application.csproj", "{44D93CF5-564A-4D2C-B286-B8ADAB33D2DB}"
EndProject
Project("{9A19103F-16F7-4668-BE54-9A1E7A4F7556}") = "FileService.Contracts", "Services\FileService\FileService.Contracts\FileService.Contracts.csproj", "{1D2CB83A-2C61-4C12-9D20-DA3FFA7CC4D9}"
EndProject
Project("{9A19103F-16F7-4668-BE54-9A1E7A4F7556}") = "FileService.Core", "Services\FileService\FileService.Core\FileService.Core.csproj", "{A93EFBCD-4A89-48F6-B409-12AE8A30AAF8}"
EndProject
Project("{9A19103F-16F7-4668-BE54-9A1E7A4F7556}") = "FileService.Infrastructure", "Services\FileService\FileService.Infrastructure\FileService.Infrastructure.csproj", "{6EC4D8C3-E6E5-49D6-B6AA-999AF38186A7}"
EndProject
Global
	GlobalSection(SolutionConfigurationPlatforms) = preSolution
		Debug|Any CPU = Debug|Any CPU
		Release|Any CPU = Release|Any CPU
	EndGlobalSection
	GlobalSection(ProjectConfigurationPlatforms) = postSolution
		{FDB9CFD3-2020-4B1E-A018-2BE5231F2792}.Debug|Any CPU.ActiveCfg = Debug|Any CPU
		{FDB9CFD3-2020-4B1E-A018-2BE5231F2792}.Debug|Any CPU.Build.0 = Debug|Any CPU
		{FDB9CFD3-2020-4B1E-A018-2BE5231F2792}.Release|Any CPU.ActiveCfg = Release|Any CPU
		{FDB9CFD3-2020-4B1E-A018-2BE5231F2792}.Release|Any CPU.Build.0 = Release|Any CPU
		{F2ADF61C-4304-4D84-BDB2-A79E9A9E09EA}.Debug|Any CPU.ActiveCfg = Debug|Any CPU
		{F2ADF61C-4304-4D84-BDB2-A79E9A9E09EA}.Debug|Any CPU.Build.0 = Debug|Any CPU
		{F2ADF61C-4304-4D84-BDB2-A79E9A9E09EA}.Release|Any CPU.ActiveCfg = Release|Any CPU
		{F2ADF61C-4304-4D84-BDB2-A79E9A9E09EA}.Release|Any CPU.Build.0 = Release|Any CPU
		{95816264-E4DC-4D86-838B-93A68D5B0FDF}.Debug|Any CPU.ActiveCfg = Debug|Any CPU
		{95816264-E4DC-4D86-838B-93A68D5B0FDF}.Debug|Any CPU.Build.0 = Debug|Any CPU
		{95816264-E4DC-4D86-838B-93A68D5B0FDF}.Release|Any CPU.ActiveCfg = Release|Any CPU
		{95816264-E4DC-4D86-838B-93A68D5B0FDF}.Release|Any CPU.Build.0 = Release|Any CPU
		{64792C04-F534-49F8-99E5-9D2CE34AB6C9}.Debug|Any CPU.ActiveCfg = Debug|Any CPU
		{64792C04-F534-49F8-99E5-9D2CE34AB6C9}.Debug|Any CPU.Build.0 = Debug|Any CPU
		{64792C04-F534-49F8-99E5-9D2CE34AB6C9}.Release|Any CPU.ActiveCfg = Release|Any CPU
		{64792C04-F534-49F8-99E5-9D2CE34AB6C9}.Release|Any CPU.Build.0 = Release|Any CPU
		{555E1975-423C-43A6-BFBB-966A1DDC8CA1}.Debug|Any CPU.ActiveCfg = Debug|Any CPU
		{555E1975-423C-43A6-BFBB-966A1DDC8CA1}.Debug|Any CPU.Build.0 = Debug|Any CPU
		{555E1975-423C-43A6-BFBB-966A1DDC8CA1}.Release|Any CPU.ActiveCfg = Release|Any CPU
		{555E1975-423C-43A6-BFBB-966A1DDC8CA1}.Release|Any CPU.Build.0 = Release|Any CPU
		{BE27C7BE-1B83-4866-A144-742E7760076C}.Debug|Any CPU.ActiveCfg = Debug|Any CPU
		{BE27C7BE-1B83-4866-A144-742E7760076C}.Debug|Any CPU.Build.0 = Debug|Any CPU
		{BE27C7BE-1B83-4866-A144-742E7760076C}.Release|Any CPU.ActiveCfg = Release|Any CPU
		{BE27C7BE-1B83-4866-A144-742E7760076C}.Release|Any CPU.Build.0 = Release|Any CPU
		{FFE09541-CA99-4C35-9DD2-483897708DCB}.Debug|Any CPU.ActiveCfg = Debug|Any CPU
		{FFE09541-CA99-4C35-9DD2-483897708DCB}.Debug|Any CPU.Build.0 = Debug|Any CPU
		{FFE09541-CA99-4C35-9DD2-483897708DCB}.Release|Any CPU.ActiveCfg = Release|Any CPU
		{FFE09541-CA99-4C35-9DD2-483897708DCB}.Release|Any CPU.Build.0 = Release|Any CPU
		{88F3F451-4377-4B40-BCA4-8A5F3A5AE719}.Debug|Any CPU.ActiveCfg = Debug|Any CPU
		{88F3F451-4377-4B40-BCA4-8A5F3A5AE719}.Debug|Any CPU.Build.0 = Debug|Any CPU
		{88F3F451-4377-4B40-BCA4-8A5F3A5AE719}.Release|Any CPU.ActiveCfg = Release|Any CPU
		{88F3F451-4377-4B40-BCA4-8A5F3A5AE719}.Release|Any CPU.Build.0 = Release|Any CPU
		{33D53795-1CF4-4177-A813-502CAE80109F}.Debug|Any CPU.ActiveCfg = Debug|Any CPU
		{33D53795-1CF4-4177-A813-502CAE80109F}.Debug|Any CPU.Build.0 = Debug|Any CPU
		{33D53795-1CF4-4177-A813-502CAE80109F}.Release|Any CPU.ActiveCfg = Release|Any CPU
		{33D53795-1CF4-4177-A813-502CAE80109F}.Release|Any CPU.Build.0 = Release|Any CPU
		{E97CBCB2-7E21-48E4-A182-4EC0E056500C}.Debug|Any CPU.ActiveCfg = Debug|Any CPU
		{E97CBCB2-7E21-48E4-A182-4EC0E056500C}.Debug|Any CPU.Build.0 = Debug|Any CPU
		{E97CBCB2-7E21-48E4-A182-4EC0E056500C}.Release|Any CPU.ActiveCfg = Release|Any CPU
		{E97CBCB2-7E21-48E4-A182-4EC0E056500C}.Release|Any CPU.Build.0 = Release|Any CPU
		{7DAB8300-E0FD-4BF4-84FF-15BD526AC39F}.Debug|Any CPU.ActiveCfg = Debug|Any CPU
		{7DAB8300-E0FD-4BF4-84FF-15BD526AC39F}.Debug|Any CPU.Build.0 = Debug|Any CPU
		{7DAB8300-E0FD-4BF4-84FF-15BD526AC39F}.Release|Any CPU.ActiveCfg = Release|Any CPU
		{7DAB8300-E0FD-4BF4-84FF-15BD526AC39F}.Release|Any CPU.Build.0 = Release|Any CPU
		{13AD790D-1F97-4275-83DE-442A8C25B380}.Debug|Any CPU.ActiveCfg = Debug|Any CPU
		{13AD790D-1F97-4275-83DE-442A8C25B380}.Debug|Any CPU.Build.0 = Debug|Any CPU
		{13AD790D-1F97-4275-83DE-442A8C25B380}.Release|Any CPU.ActiveCfg = Release|Any CPU
		{13AD790D-1F97-4275-83DE-442A8C25B380}.Release|Any CPU.Build.0 = Release|Any CPU
		{8EF1091A-BC1C-4D0F-8F09-4CAD66660846}.Debug|Any CPU.ActiveCfg = Debug|Any CPU
		{8EF1091A-BC1C-4D0F-8F09-4CAD66660846}.Debug|Any CPU.Build.0 = Debug|Any CPU
		{8EF1091A-BC1C-4D0F-8F09-4CAD66660846}.Release|Any CPU.ActiveCfg = Release|Any CPU
		{8EF1091A-BC1C-4D0F-8F09-4CAD66660846}.Release|Any CPU.Build.0 = Release|Any CPU
		{00EB1B91-7B4F-400D-B55B-65AAA3E4DB87}.Debug|Any CPU.ActiveCfg = Debug|Any CPU
		{00EB1B91-7B4F-400D-B55B-65AAA3E4DB87}.Debug|Any CPU.Build.0 = Debug|Any CPU
		{00EB1B91-7B4F-400D-B55B-65AAA3E4DB87}.Release|Any CPU.ActiveCfg = Release|Any CPU
		{00EB1B91-7B4F-400D-B55B-65AAA3E4DB87}.Release|Any CPU.Build.0 = Release|Any CPU
		{07CFC76E-BFA1-4992-B65E-C4F51CD75285}.Debug|Any CPU.ActiveCfg = Debug|Any CPU
		{07CFC76E-BFA1-4992-B65E-C4F51CD75285}.Debug|Any CPU.Build.0 = Debug|Any CPU
		{07CFC76E-BFA1-4992-B65E-C4F51CD75285}.Release|Any CPU.ActiveCfg = Release|Any CPU
		{07CFC76E-BFA1-4992-B65E-C4F51CD75285}.Release|Any CPU.Build.0 = Release|Any CPU
		{337C0009-E581-4364-AEF4-7261320870B6}.Debug|Any CPU.ActiveCfg = Debug|Any CPU
		{337C0009-E581-4364-AEF4-7261320870B6}.Debug|Any CPU.Build.0 = Debug|Any CPU
		{337C0009-E581-4364-AEF4-7261320870B6}.Release|Any CPU.ActiveCfg = Release|Any CPU
		{337C0009-E581-4364-AEF4-7261320870B6}.Release|Any CPU.Build.0 = Release|Any CPU
		{12D2E7C5-EABE-4937-AC4E-4A6E598CDA56}.Debug|Any CPU.ActiveCfg = Debug|Any CPU
		{12D2E7C5-EABE-4937-AC4E-4A6E598CDA56}.Debug|Any CPU.Build.0 = Debug|Any CPU
		{12D2E7C5-EABE-4937-AC4E-4A6E598CDA56}.Release|Any CPU.ActiveCfg = Release|Any CPU
		{12D2E7C5-EABE-4937-AC4E-4A6E598CDA56}.Release|Any CPU.Build.0 = Release|Any CPU
		{C9FB20A5-1965-4795-A13C-ADF086436A6B}.Debug|Any CPU.ActiveCfg = Debug|Any CPU
		{C9FB20A5-1965-4795-A13C-ADF086436A6B}.Debug|Any CPU.Build.0 = Debug|Any CPU
		{C9FB20A5-1965-4795-A13C-ADF086436A6B}.Release|Any CPU.ActiveCfg = Release|Any CPU
		{C9FB20A5-1965-4795-A13C-ADF086436A6B}.Release|Any CPU.Build.0 = Release|Any CPU
		{224FA851-65E2-458A-BA19-4CFC5CA40044}.Debug|Any CPU.ActiveCfg = Debug|Any CPU
		{224FA851-65E2-458A-BA19-4CFC5CA40044}.Debug|Any CPU.Build.0 = Debug|Any CPU
		{224FA851-65E2-458A-BA19-4CFC5CA40044}.Release|Any CPU.ActiveCfg = Release|Any CPU
		{224FA851-65E2-458A-BA19-4CFC5CA40044}.Release|Any CPU.Build.0 = Release|Any CPU
		{862187D0-8760-412F-8183-D7A60F4DF3D9}.Debug|Any CPU.ActiveCfg = Debug|Any CPU
		{862187D0-8760-412F-8183-D7A60F4DF3D9}.Debug|Any CPU.Build.0 = Debug|Any CPU
		{862187D0-8760-412F-8183-D7A60F4DF3D9}.Release|Any CPU.ActiveCfg = Release|Any CPU
		{862187D0-8760-412F-8183-D7A60F4DF3D9}.Release|Any CPU.Build.0 = Release|Any CPU
		{4A6B0628-7E63-4DCE-8E51-4DDB4C228E4E}.Debug|Any CPU.ActiveCfg = Debug|Any CPU
		{4A6B0628-7E63-4DCE-8E51-4DDB4C228E4E}.Debug|Any CPU.Build.0 = Debug|Any CPU
		{4A6B0628-7E63-4DCE-8E51-4DDB4C228E4E}.Release|Any CPU.ActiveCfg = Release|Any CPU
		{4A6B0628-7E63-4DCE-8E51-4DDB4C228E4E}.Release|Any CPU.Build.0 = Release|Any CPU
		{EE5C68D7-800C-4741-B4F2-3FCE1A3AF2BF}.Debug|Any CPU.ActiveCfg = Debug|Any CPU
		{EE5C68D7-800C-4741-B4F2-3FCE1A3AF2BF}.Debug|Any CPU.Build.0 = Debug|Any CPU
		{EE5C68D7-800C-4741-B4F2-3FCE1A3AF2BF}.Release|Any CPU.ActiveCfg = Release|Any CPU
		{EE5C68D7-800C-4741-B4F2-3FCE1A3AF2BF}.Release|Any CPU.Build.0 = Release|Any CPU
		{FACEB17A-04AD-4299-827B-DBBF9205AD6C}.Debug|Any CPU.ActiveCfg = Debug|Any CPU
		{FACEB17A-04AD-4299-827B-DBBF9205AD6C}.Debug|Any CPU.Build.0 = Debug|Any CPU
		{FACEB17A-04AD-4299-827B-DBBF9205AD6C}.Release|Any CPU.ActiveCfg = Release|Any CPU
		{FACEB17A-04AD-4299-827B-DBBF9205AD6C}.Release|Any CPU.Build.0 = Release|Any CPU
		{C609010D-C177-434D-9322-E4FF8DF646FA}.Debug|Any CPU.ActiveCfg = Debug|Any CPU
		{C609010D-C177-434D-9322-E4FF8DF646FA}.Debug|Any CPU.Build.0 = Debug|Any CPU
		{C609010D-C177-434D-9322-E4FF8DF646FA}.Release|Any CPU.ActiveCfg = Release|Any CPU
		{C609010D-C177-434D-9322-E4FF8DF646FA}.Release|Any CPU.Build.0 = Release|Any CPU
		{563ED527-600C-4303-9B90-F0A3075A4D43}.Debug|Any CPU.ActiveCfg = Debug|Any CPU
		{563ED527-600C-4303-9B90-F0A3075A4D43}.Debug|Any CPU.Build.0 = Debug|Any CPU
		{563ED527-600C-4303-9B90-F0A3075A4D43}.Release|Any CPU.ActiveCfg = Release|Any CPU
		{563ED527-600C-4303-9B90-F0A3075A4D43}.Release|Any CPU.Build.0 = Release|Any CPU
		{44D93CF5-564A-4D2C-B286-B8ADAB33D2DB}.Debug|Any CPU.ActiveCfg = Debug|Any CPU
		{44D93CF5-564A-4D2C-B286-B8ADAB33D2DB}.Debug|Any CPU.Build.0 = Debug|Any CPU
		{44D93CF5-564A-4D2C-B286-B8ADAB33D2DB}.Release|Any CPU.ActiveCfg = Release|Any CPU
		{44D93CF5-564A-4D2C-B286-B8ADAB33D2DB}.Release|Any CPU.Build.0 = Release|Any CPU
		{1D2CB83A-2C61-4C12-9D20-DA3FFA7CC4D9}.Debug|Any CPU.ActiveCfg = Debug|Any CPU
		{1D2CB83A-2C61-4C12-9D20-DA3FFA7CC4D9}.Debug|Any CPU.Build.0 = Debug|Any CPU
		{1D2CB83A-2C61-4C12-9D20-DA3FFA7CC4D9}.Release|Any CPU.ActiveCfg = Release|Any CPU
		{1D2CB83A-2C61-4C12-9D20-DA3FFA7CC4D9}.Release|Any CPU.Build.0 = Release|Any CPU
		{A93EFBCD-4A89-48F6-B409-12AE8A30AAF8}.Debug|Any CPU.ActiveCfg = Debug|Any CPU
		{A93EFBCD-4A89-48F6-B409-12AE8A30AAF8}.Debug|Any CPU.Build.0 = Debug|Any CPU
		{A93EFBCD-4A89-48F6-B409-12AE8A30AAF8}.Release|Any CPU.ActiveCfg = Release|Any CPU
		{A93EFBCD-4A89-48F6-B409-12AE8A30AAF8}.Release|Any CPU.Build.0 = Release|Any CPU
		{6EC4D8C3-E6E5-49D6-B6AA-999AF38186A7}.Debug|Any CPU.ActiveCfg = Debug|Any CPU
		{6EC4D8C3-E6E5-49D6-B6AA-999AF38186A7}.Debug|Any CPU.Build.0 = Debug|Any CPU
		{6EC4D8C3-E6E5-49D6-B6AA-999AF38186A7}.Release|Any CPU.ActiveCfg = Release|Any CPU
		{6EC4D8C3-E6E5-49D6-B6AA-999AF38186A7}.Release|Any CPU.Build.0 = Release|Any CPU
	EndGlobalSection
	GlobalSection(SolutionProperties) = preSolution
		HideSolutionNode = FALSE
	EndGlobalSection
	GlobalSection(NestedProjects) = preSolution
		{FDB9CFD3-2020-4B1E-A018-2BE5231F2792} = {E4FC64CB-6D58-4B03-B0D3-AB3018C7F90E}
		{F2ADF61C-4304-4D84-BDB2-A79E9A9E09EA} = {E4FC64CB-6D58-4B03-B0D3-AB3018C7F90E}
		{95816264-E4DC-4D86-838B-93A68D5B0FDF} = {E4FC64CB-6D58-4B03-B0D3-AB3018C7F90E}
		{64792C04-F534-49F8-99E5-9D2CE34AB6C9} = {E4FC64CB-6D58-4B03-B0D3-AB3018C7F90E}
		{555E1975-423C-43A6-BFBB-966A1DDC8CA1} = {8D308AE8-E0B2-4494-A47B-DE7F363944D6}
		{BE27C7BE-1B83-4866-A144-742E7760076C} = {8D308AE8-E0B2-4494-A47B-DE7F363944D6}
		{FFE09541-CA99-4C35-9DD2-483897708DCB} = {8D308AE8-E0B2-4494-A47B-DE7F363944D6}
		{88F3F451-4377-4B40-BCA4-8A5F3A5AE719} = {8D308AE8-E0B2-4494-A47B-DE7F363944D6}
		{016D2C7B-35E1-4FE8-B3E2-9F9949A75978} = {96388AD6-0B12-4C68-A54A-3EE811EF96D9}
		{E97CBCB2-7E21-48E4-A182-4EC0E056500C} = {7AEFC6A7-C361-4830-8992-7F029B620E00}
		{7DAB8300-E0FD-4BF4-84FF-15BD526AC39F} = {7AEFC6A7-C361-4830-8992-7F029B620E00}
		{13AD790D-1F97-4275-83DE-442A8C25B380} = {7AEFC6A7-C361-4830-8992-7F029B620E00}
		{8EF1091A-BC1C-4D0F-8F09-4CAD66660846} = {7AEFC6A7-C361-4830-8992-7F029B620E00}
		{00EB1B91-7B4F-400D-B55B-65AAA3E4DB87} = {7AEFC6A7-C361-4830-8992-7F029B620E00}
		{07CFC76E-BFA1-4992-B65E-C4F51CD75285} = {3E48479E-36BA-4E39-82FD-43FF28CB2979}
		{337C0009-E581-4364-AEF4-7261320870B6} = {3E48479E-36BA-4E39-82FD-43FF28CB2979}
		{12D2E7C5-EABE-4937-AC4E-4A6E598CDA56} = {3E48479E-36BA-4E39-82FD-43FF28CB2979}
		{C9FB20A5-1965-4795-A13C-ADF086436A6B} = {3E48479E-36BA-4E39-82FD-43FF28CB2979}
		{224FA851-65E2-458A-BA19-4CFC5CA40044} = {3E48479E-36BA-4E39-82FD-43FF28CB2979}
		{862187D0-8760-412F-8183-D7A60F4DF3D9} = {34670934-3D4E-404B-94C3-4B4747DB1DE9}
		{4A6B0628-7E63-4DCE-8E51-4DDB4C228E4E} = {34670934-3D4E-404B-94C3-4B4747DB1DE9}
		{EE5C68D7-800C-4741-B4F2-3FCE1A3AF2BF} = {34670934-3D4E-404B-94C3-4B4747DB1DE9}
		{FACEB17A-04AD-4299-827B-DBBF9205AD6C} = {34670934-3D4E-404B-94C3-4B4747DB1DE9}
		{C609010D-C177-434D-9322-E4FF8DF646FA} = {34670934-3D4E-404B-94C3-4B4747DB1DE9}
		{563ED527-600C-4303-9B90-F0A3075A4D43} = {85E870EC-DFE4-45CA-B557-1706208080FF}
		{44D93CF5-564A-4D2C-B286-B8ADAB33D2DB} = {85E870EC-DFE4-45CA-B557-1706208080FF}
		{1D2CB83A-2C61-4C12-9D20-DA3FFA7CC4D9} = {85E870EC-DFE4-45CA-B557-1706208080FF}
		{A93EFBCD-4A89-48F6-B409-12AE8A30AAF8} = {85E870EC-DFE4-45CA-B557-1706208080FF}
		{6EC4D8C3-E6E5-49D6-B6AA-999AF38186A7} = {85E870EC-DFE4-45CA-B557-1706208080FF}
	EndGlobalSection
	GlobalSection(ExtensibilityGlobals) = postSolution
		SolutionGuid = {AE53E729-71F1-414F-9EA1-DBF6E5DDEAD4}
	EndGlobalSection
EndGlobal
