
Microsoft Visual Studio Solution File, Format Version 12.00
# Visual Studio Version 17
VisualStudioVersion = 17.2.32505.173
MinimumVisualStudioVersion = 10.0.40219.1
Project("{2150E333-8FDC-42A3-9474-1A3956D46DE8}") = "Services", "Services", "{6E48F8BA-942E-4127-AE36-22DF24AC82F9}"
EndProject
Project("{2150E333-8FDC-42A3-9474-1A3956D46DE8}") = "IdentityService", "IdentityService", "{0B206754-4D92-4797-B432-6AE4087DD8FC}"
EndProject
Project("{9A19103F-16F7-4668-BE54-9A1E7A4F7556}") = "IdentityService.API", "Services\IdentityService\IdentityService.API\IdentityService.API.csproj", "{FDB9CFD3-2020-4B1E-A018-2BE5231F2792}"
EndProject
Project("{9A19103F-16F7-4668-BE54-9A1E7A4F7556}") = "IdentityService.Application", "Services\IdentityService\IdentityService.Application\IdentityService.Application.csproj", "{F2ADF61C-4304-4D84-BDB2-A79E9A9E09EA}"
EndProject
Project("{9A19103F-16F7-4668-BE54-9A1E7A4F7556}") = "IdentityService.Core", "Services\IdentityService\IdentityService.Core\IdentityService.Core.csproj", "{95816264-E4DC-4D86-838B-93A68D5B0FDF}"
EndProject
Project("{9A19103F-16F7-4668-BE54-9A1E7A4F7556}") = "IdentityService.Infrastructure", "Services\IdentityService\IdentityService.Infrastructure\IdentityService.Infrastructure.csproj", "{64792C04-F534-49F8-99E5-9D2CE34AB6C9}"
EndProject
Project("{2150E333-8FDC-42A3-9474-1A3956D46DE8}") = "CatalogService", "CatalogService", "{D90E5CF8-15D1-4E06-A9A2-309337CFBC69}"
EndProject
Project("{9A19103F-16F7-4668-BE54-9A1E7A4F7556}") = "CatalogService.API", "Services\CatalogService\CatalogService.API\CatalogService.API.csproj", "{555E1975-423C-43A6-BFBB-966A1DDC8CA1}"
EndProject
Project("{9A19103F-16F7-4668-BE54-9A1E7A4F7556}") = "CatalogService.Application", "Services\CatalogService\CatalogService.Application\CatalogService.Application.csproj", "{BE27C7BE-1B83-4866-A144-742E7760076C}"
EndProject
Project("{9A19103F-16F7-4668-BE54-9A1E7A4F7556}") = "CatalogService.Core", "Services\CatalogService\CatalogService.Core\CatalogService.Core.csproj", "{FFE09541-CA99-4C35-9DD2-483897708DCB}"
EndProject
Project("{9A19103F-16F7-4668-BE54-9A1E7A4F7556}") = "CatalogService.Infrastructure", "Services\CatalogService\CatalogService.Infrastructure\CatalogService.Infrastructure.csproj", "{88F3F451-4377-4B40-BCA4-8A5F3A5AE719}"
EndProject
Project("{2150E333-8FDC-42A3-9474-1A3956D46DE8}") = "Gateway", "Gateway", "{96388AD6-0B12-4C68-A54A-3EE811EF96D9}"
EndProject
Project("{2150E333-8FDC-42A3-9474-1A3956D46DE8}") = "Envoy", "Envoy", "{016D2C7B-35E1-4FE8-B3E2-9F9949A75978}"
	ProjectSection(SolutionItems) = preProject
		Gateway\Envoy\Dockerfile = Gateway\Envoy\Dockerfile
		Gateway\Envoy\entrypoint.sh = Gateway\Envoy\entrypoint.sh
		Gateway\Envoy\envoy.yaml = Gateway\Envoy\envoy.yaml
	EndProjectSection
EndProject
Project("{9A19103F-16F7-4668-BE54-9A1E7A4F7556}") = "BuildingBlocks", "BuildingBlocks\BuildingBlocks.csproj", "{33D53795-1CF4-4177-A813-502CAE80109F}"
EndProject
Project("{2150E333-8FDC-42A3-9474-1A3956D46DE8}") = "MediaService", "MediaService", "{99607EDD-F98B-4DAE-AC31-EC6C6E356B64}"
EndProject
Project("{9A19103F-16F7-4668-BE54-9A1E7A4F7556}") = "MediaService.API", "Services\MediaService\MediaService.API\MediaService.API.csproj", "{01F032DE-50B3-46E3-91C0-4345DD5B5322}"
EndProject
Project("{9A19103F-16F7-4668-BE54-9A1E7A4F7556}") = "MediaService.Application", "Services\MediaService\MediaService.Application\MediaService.Application.csproj", "{2D7D1B26-9039-4C03-BA94-7AD261B8BE81}"
EndProject
Project("{9A19103F-16F7-4668-BE54-9A1E7A4F7556}") = "MediaService.Contracts", "Services\MediaService\MediaService.Contracts\MediaService.Contracts.csproj", "{2451F4A1-212D-463D-891C-3C8B80A01347}"
EndProject
Project("{9A19103F-16F7-4668-BE54-9A1E7A4F7556}") = "MediaService.Core", "Services\MediaService\MediaService.Core\MediaService.Core.csproj", "{87CCBE29-85E9-411C-937C-94806D4A2ECE}"
EndProject
Project("{9A19103F-16F7-4668-BE54-9A1E7A4F7556}") = "MediaService.Infrastructure", "Services\MediaService\MediaService.Infrastructure\MediaService.Infrastructure.csproj", "{3FDF7419-920C-40A5-BF1F-C6336E5135BB}"
EndProject
Project("{2150E333-8FDC-42A3-9474-1A3956D46DE8}") = "Common", "Common", "{034A1F20-EDAE-4694-B75F-75B99A1F53A3}"
EndProject
Project("{2150E333-8FDC-42A3-9474-1A3956D46DE8}") = "TenantService", "TenantService", "{D74EAC30-FD72-4919-84B7-72C0D7EF5600}"
EndProject
Project("{9A19103F-16F7-4668-BE54-9A1E7A4F7556}") = "TenantService.API", "Services\TenantService\TenantService.API\TenantService.API.csproj", "{E97CBCB2-7E21-48E4-A182-4EC0E056500C}"
EndProject
Project("{9A19103F-16F7-4668-BE54-9A1E7A4F7556}") = "TenantService.Application", "Services\TenantService\TenantService.Application\TenantService.Application.csproj", "{7DAB8300-E0FD-4BF4-84FF-15BD526AC39F}"
EndProject
Project("{9A19103F-16F7-4668-BE54-9A1E7A4F7556}") = "TenantService.Contracts", "Services\TenantService\TenantService.Contracts\TenantService.Contracts.csproj", "{13AD790D-1F97-4275-83DE-442A8C25B380}"
EndProject
Project("{9A19103F-16F7-4668-BE54-9A1E7A4F7556}") = "TenantService.Core", "Services\TenantService\TenantService.Core\TenantService.Core.csproj", "{8EF1091A-BC1C-4D0F-8F09-4CAD66660846}"
EndProject
Project("{9A19103F-16F7-4668-BE54-9A1E7A4F7556}") = "TenantService.Infrastructure", "Services\TenantService\TenantService.Infrastructure\TenantService.Infrastructure.csproj", "{00EB1B91-7B4F-400D-B55B-65AAA3E4DB87}"
EndProject
Project("{E53339B2-1760-4266-BCC7-CA923CBCF16C}") = "docker-compose", "docker-compose.dcproj", "{42C15698-5510-4DEB-A0BF-F5331B2CC9AE}"
EndProject
Global
	GlobalSection(SolutionConfigurationPlatforms) = preSolution
		Debug|Any CPU = Debug|Any CPU
		Release|Any CPU = Release|Any CPU
	EndGlobalSection
	GlobalSection(ProjectConfigurationPlatforms) = postSolution
		{FDB9CFD3-2020-4B1E-A018-2BE5231F2792}.Debug|Any CPU.ActiveCfg = Debug|Any CPU
		{FDB9CFD3-2020-4B1E-A018-2BE5231F2792}.Debug|Any CPU.Build.0 = Debug|Any CPU
		{FDB9CFD3-2020-4B1E-A018-2BE5231F2792}.Release|Any CPU.ActiveCfg = Release|Any CPU
		{FDB9CFD3-2020-4B1E-A018-2BE5231F2792}.Release|Any CPU.Build.0 = Release|Any CPU
		{F2ADF61C-4304-4D84-BDB2-A79E9A9E09EA}.Debug|Any CPU.ActiveCfg = Debug|Any CPU
		{F2ADF61C-4304-4D84-BDB2-A79E9A9E09EA}.Debug|Any CPU.Build.0 = Debug|Any CPU
		{F2ADF61C-4304-4D84-BDB2-A79E9A9E09EA}.Release|Any CPU.ActiveCfg = Release|Any CPU
		{F2ADF61C-4304-4D84-BDB2-A79E9A9E09EA}.Release|Any CPU.Build.0 = Release|Any CPU
		{95816264-E4DC-4D86-838B-93A68D5B0FDF}.Debug|Any CPU.ActiveCfg = Debug|Any CPU
		{95816264-E4DC-4D86-838B-93A68D5B0FDF}.Debug|Any CPU.Build.0 = Debug|Any CPU
		{95816264-E4DC-4D86-838B-93A68D5B0FDF}.Release|Any CPU.ActiveCfg = Release|Any CPU
		{95816264-E4DC-4D86-838B-93A68D5B0FDF}.Release|Any CPU.Build.0 = Release|Any CPU
		{64792C04-F534-49F8-99E5-9D2CE34AB6C9}.Debug|Any CPU.ActiveCfg = Debug|Any CPU
		{64792C04-F534-49F8-99E5-9D2CE34AB6C9}.Debug|Any CPU.Build.0 = Debug|Any CPU
		{64792C04-F534-49F8-99E5-9D2CE34AB6C9}.Release|Any CPU.ActiveCfg = Release|Any CPU
		{64792C04-F534-49F8-99E5-9D2CE34AB6C9}.Release|Any CPU.Build.0 = Release|Any CPU
		{555E1975-423C-43A6-BFBB-966A1DDC8CA1}.Debug|Any CPU.ActiveCfg = Debug|Any CPU
		{555E1975-423C-43A6-BFBB-966A1DDC8CA1}.Debug|Any CPU.Build.0 = Debug|Any CPU
		{555E1975-423C-43A6-BFBB-966A1DDC8CA1}.Release|Any CPU.ActiveCfg = Release|Any CPU
		{555E1975-423C-43A6-BFBB-966A1DDC8CA1}.Release|Any CPU.Build.0 = Release|Any CPU
		{BE27C7BE-1B83-4866-A144-742E7760076C}.Debug|Any CPU.ActiveCfg = Debug|Any CPU
		{BE27C7BE-1B83-4866-A144-742E7760076C}.Debug|Any CPU.Build.0 = Debug|Any CPU
		{BE27C7BE-1B83-4866-A144-742E7760076C}.Release|Any CPU.ActiveCfg = Release|Any CPU
		{BE27C7BE-1B83-4866-A144-742E7760076C}.Release|Any CPU.Build.0 = Release|Any CPU
		{FFE09541-CA99-4C35-9DD2-483897708DCB}.Debug|Any CPU.ActiveCfg = Debug|Any CPU
		{FFE09541-CA99-4C35-9DD2-483897708DCB}.Debug|Any CPU.Build.0 = Debug|Any CPU
		{FFE09541-CA99-4C35-9DD2-483897708DCB}.Release|Any CPU.ActiveCfg = Release|Any CPU
		{FFE09541-CA99-4C35-9DD2-483897708DCB}.Release|Any CPU.Build.0 = Release|Any CPU
		{88F3F451-4377-4B40-BCA4-8A5F3A5AE719}.Debug|Any CPU.ActiveCfg = Debug|Any CPU
		{88F3F451-4377-4B40-BCA4-8A5F3A5AE719}.Debug|Any CPU.Build.0 = Debug|Any CPU
		{88F3F451-4377-4B40-BCA4-8A5F3A5AE719}.Release|Any CPU.ActiveCfg = Release|Any CPU
		{88F3F451-4377-4B40-BCA4-8A5F3A5AE719}.Release|Any CPU.Build.0 = Release|Any CPU
		{33D53795-1CF4-4177-A813-502CAE80109F}.Debug|Any CPU.ActiveCfg = Debug|Any CPU
		{33D53795-1CF4-4177-A813-502CAE80109F}.Debug|Any CPU.Build.0 = Debug|Any CPU
		{33D53795-1CF4-4177-A813-502CAE80109F}.Release|Any CPU.ActiveCfg = Release|Any CPU
		{33D53795-1CF4-4177-A813-502CAE80109F}.Release|Any CPU.Build.0 = Release|Any CPU
		{01F032DE-50B3-46E3-91C0-4345DD5B5322}.Debug|Any CPU.ActiveCfg = Debug|Any CPU
		{01F032DE-50B3-46E3-91C0-4345DD5B5322}.Debug|Any CPU.Build.0 = Debug|Any CPU
		{01F032DE-50B3-46E3-91C0-4345DD5B5322}.Release|Any CPU.ActiveCfg = Release|Any CPU
		{01F032DE-50B3-46E3-91C0-4345DD5B5322}.Release|Any CPU.Build.0 = Release|Any CPU
		{2D7D1B26-9039-4C03-BA94-7AD261B8BE81}.Debug|Any CPU.ActiveCfg = Debug|Any CPU
		{2D7D1B26-9039-4C03-BA94-7AD261B8BE81}.Debug|Any CPU.Build.0 = Debug|Any CPU
		{2D7D1B26-9039-4C03-BA94-7AD261B8BE81}.Release|Any CPU.ActiveCfg = Release|Any CPU
		{2D7D1B26-9039-4C03-BA94-7AD261B8BE81}.Release|Any CPU.Build.0 = Release|Any CPU
		{2451F4A1-212D-463D-891C-3C8B80A01347}.Debug|Any CPU.ActiveCfg = Debug|Any CPU
		{2451F4A1-212D-463D-891C-3C8B80A01347}.Debug|Any CPU.Build.0 = Debug|Any CPU
		{2451F4A1-212D-463D-891C-3C8B80A01347}.Release|Any CPU.ActiveCfg = Release|Any CPU
		{2451F4A1-212D-463D-891C-3C8B80A01347}.Release|Any CPU.Build.0 = Release|Any CPU
		{87CCBE29-85E9-411C-937C-94806D4A2ECE}.Debug|Any CPU.ActiveCfg = Debug|Any CPU
		{87CCBE29-85E9-411C-937C-94806D4A2ECE}.Debug|Any CPU.Build.0 = Debug|Any CPU
		{87CCBE29-85E9-411C-937C-94806D4A2ECE}.Release|Any CPU.ActiveCfg = Release|Any CPU
		{87CCBE29-85E9-411C-937C-94806D4A2ECE}.Release|Any CPU.Build.0 = Release|Any CPU
		{3FDF7419-920C-40A5-BF1F-C6336E5135BB}.Debug|Any CPU.ActiveCfg = Debug|Any CPU
		{3FDF7419-920C-40A5-BF1F-C6336E5135BB}.Debug|Any CPU.Build.0 = Debug|Any CPU
		{3FDF7419-920C-40A5-BF1F-C6336E5135BB}.Release|Any CPU.ActiveCfg = Release|Any CPU
		{3FDF7419-920C-40A5-BF1F-C6336E5135BB}.Release|Any CPU.Build.0 = Release|Any CPU
		{E97CBCB2-7E21-48E4-A182-4EC0E056500C}.Debug|Any CPU.ActiveCfg = Debug|Any CPU
		{E97CBCB2-7E21-48E4-A182-4EC0E056500C}.Debug|Any CPU.Build.0 = Debug|Any CPU
		{E97CBCB2-7E21-48E4-A182-4EC0E056500C}.Release|Any CPU.ActiveCfg = Release|Any CPU
		{E97CBCB2-7E21-48E4-A182-4EC0E056500C}.Release|Any CPU.Build.0 = Release|Any CPU
		{7DAB8300-E0FD-4BF4-84FF-15BD526AC39F}.Debug|Any CPU.ActiveCfg = Debug|Any CPU
		{7DAB8300-E0FD-4BF4-84FF-15BD526AC39F}.Debug|Any CPU.Build.0 = Debug|Any CPU
		{7DAB8300-E0FD-4BF4-84FF-15BD526AC39F}.Release|Any CPU.ActiveCfg = Release|Any CPU
		{7DAB8300-E0FD-4BF4-84FF-15BD526AC39F}.Release|Any CPU.Build.0 = Release|Any CPU
		{13AD790D-1F97-4275-83DE-442A8C25B380}.Debug|Any CPU.ActiveCfg = Debug|Any CPU
		{13AD790D-1F97-4275-83DE-442A8C25B380}.Debug|Any CPU.Build.0 = Debug|Any CPU
		{13AD790D-1F97-4275-83DE-442A8C25B380}.Release|Any CPU.ActiveCfg = Release|Any CPU
		{13AD790D-1F97-4275-83DE-442A8C25B380}.Release|Any CPU.Build.0 = Release|Any CPU
		{8EF1091A-BC1C-4D0F-8F09-4CAD66660846}.Debug|Any CPU.ActiveCfg = Debug|Any CPU
		{8EF1091A-BC1C-4D0F-8F09-4CAD66660846}.Debug|Any CPU.Build.0 = Debug|Any CPU
		{8EF1091A-BC1C-4D0F-8F09-4CAD66660846}.Release|Any CPU.ActiveCfg = Release|Any CPU
		{8EF1091A-BC1C-4D0F-8F09-4CAD66660846}.Release|Any CPU.Build.0 = Release|Any CPU
		{00EB1B91-7B4F-400D-B55B-65AAA3E4DB87}.Debug|Any CPU.ActiveCfg = Debug|Any CPU
		{00EB1B91-7B4F-400D-B55B-65AAA3E4DB87}.Debug|Any CPU.Build.0 = Debug|Any CPU
		{00EB1B91-7B4F-400D-B55B-65AAA3E4DB87}.Release|Any CPU.ActiveCfg = Release|Any CPU
		{00EB1B91-7B4F-400D-B55B-65AAA3E4DB87}.Release|Any CPU.Build.0 = Release|Any CPU
		{42C15698-5510-4DEB-A0BF-F5331B2CC9AE}.Debug|Any CPU.ActiveCfg = Debug|Any CPU
		{42C15698-5510-4DEB-A0BF-F5331B2CC9AE}.Debug|Any CPU.Build.0 = Debug|Any CPU
		{42C15698-5510-4DEB-A0BF-F5331B2CC9AE}.Release|Any CPU.ActiveCfg = Release|Any CPU
		{42C15698-5510-4DEB-A0BF-F5331B2CC9AE}.Release|Any CPU.Build.0 = Release|Any CPU
	EndGlobalSection
	GlobalSection(SolutionProperties) = preSolution
		HideSolutionNode = FALSE
	EndGlobalSection
	GlobalSection(NestedProjects) = preSolution
		{0B206754-4D92-4797-B432-6AE4087DD8FC} = {6E48F8BA-942E-4127-AE36-22DF24AC82F9}
		{FDB9CFD3-2020-4B1E-A018-2BE5231F2792} = {0B206754-4D92-4797-B432-6AE4087DD8FC}
		{F2ADF61C-4304-4D84-BDB2-A79E9A9E09EA} = {0B206754-4D92-4797-B432-6AE4087DD8FC}
		{95816264-E4DC-4D86-838B-93A68D5B0FDF} = {0B206754-4D92-4797-B432-6AE4087DD8FC}
		{64792C04-F534-49F8-99E5-9D2CE34AB6C9} = {0B206754-4D92-4797-B432-6AE4087DD8FC}
		{D90E5CF8-15D1-4E06-A9A2-309337CFBC69} = {6E48F8BA-942E-4127-AE36-22DF24AC82F9}
		{555E1975-423C-43A6-BFBB-966A1DDC8CA1} = {D90E5CF8-15D1-4E06-A9A2-309337CFBC69}
		{BE27C7BE-1B83-4866-A144-742E7760076C} = {D90E5CF8-15D1-4E06-A9A2-309337CFBC69}
		{FFE09541-CA99-4C35-9DD2-483897708DCB} = {D90E5CF8-15D1-4E06-A9A2-309337CFBC69}
		{88F3F451-4377-4B40-BCA4-8A5F3A5AE719} = {D90E5CF8-15D1-4E06-A9A2-309337CFBC69}
		{016D2C7B-35E1-4FE8-B3E2-9F9949A75978} = {96388AD6-0B12-4C68-A54A-3EE811EF96D9}
		{33D53795-1CF4-4177-A813-502CAE80109F} = {034A1F20-EDAE-4694-B75F-75B99A1F53A3}
		{99607EDD-F98B-4DAE-AC31-EC6C6E356B64} = {6E48F8BA-942E-4127-AE36-22DF24AC82F9}
		{01F032DE-50B3-46E3-91C0-4345DD5B5322} = {99607EDD-F98B-4DAE-AC31-EC6C6E356B64}
		{2D7D1B26-9039-4C03-BA94-7AD261B8BE81} = {99607EDD-F98B-4DAE-AC31-EC6C6E356B64}
		{2451F4A1-212D-463D-891C-3C8B80A01347} = {99607EDD-F98B-4DAE-AC31-EC6C6E356B64}
		{87CCBE29-85E9-411C-937C-94806D4A2ECE} = {99607EDD-F98B-4DAE-AC31-EC6C6E356B64}
		{3FDF7419-920C-40A5-BF1F-C6336E5135BB} = {99607EDD-F98B-4DAE-AC31-EC6C6E356B64}
		{D74EAC30-FD72-4919-84B7-72C0D7EF5600} = {6E48F8BA-942E-4127-AE36-22DF24AC82F9}
		{E97CBCB2-7E21-48E4-A182-4EC0E056500C} = {D74EAC30-FD72-4919-84B7-72C0D7EF5600}
		{7DAB8300-E0FD-4BF4-84FF-15BD526AC39F} = {D74EAC30-FD72-4919-84B7-72C0D7EF5600}
		{13AD790D-1F97-4275-83DE-442A8C25B380} = {D74EAC30-FD72-4919-84B7-72C0D7EF5600}
		{8EF1091A-BC1C-4D0F-8F09-4CAD66660846} = {D74EAC30-FD72-4919-84B7-72C0D7EF5600}
		{00EB1B91-7B4F-400D-B55B-65AAA3E4DB87} = {D74EAC30-FD72-4919-84B7-72C0D7EF5600}
	EndGlobalSection
	GlobalSection(ExtensibilityGlobals) = postSolution
		SolutionGuid = {AE53E729-71F1-414F-9EA1-DBF6E5DDEAD4}
	EndGlobalSection
EndGlobal
