
Microsoft Visual Studio Solution File, Format Version 12.00
# Visual Studio Version 17
VisualStudioVersion = 17.2.32505.173
MinimumVisualStudioVersion = 10.0.40219.1
Project("{2150E333-8FDC-42A3-9474-1A3956D46DE8}") = "Services", "Services", "{6E48F8BA-942E-4127-AE36-22DF24AC82F9}"
EndProject
Project("{2150E333-8FDC-42A3-9474-1A3956D46DE8}") = "IdentityService", "IdentityService", "{0B206754-4D92-4797-B432-6AE4087DD8FC}"
EndProject
Project("{9A19103F-16F7-4668-BE54-9A1E7A4F7556}") = "IdentityService.API", "Services\IdentityService\IdentityService.API\IdentityService.API.csproj", "{FDB9CFD3-2020-4B1E-A018-2BE5231F2792}"
EndProject
Project("{9A19103F-16F7-4668-BE54-9A1E7A4F7556}") = "IdentityService.Application", "Services\IdentityService\IdentityService.Application\IdentityService.Application.csproj", "{F2ADF61C-4304-4D84-BDB2-A79E9A9E09EA}"
EndProject
Project("{9A19103F-16F7-4668-BE54-9A1E7A4F7556}") = "IdentityService.Core", "Services\IdentityService\IdentityService.Core\IdentityService.Core.csproj", "{95816264-E4DC-4D86-838B-93A68D5B0FDF}"
EndProject
Project("{9A19103F-16F7-4668-BE54-9A1E7A4F7556}") = "IdentityService.Infrastructure", "Services\IdentityService\IdentityService.Infrastructure\IdentityService.Infrastructure.csproj", "{64792C04-F534-49F8-99E5-9D2CE34AB6C9}"
EndProject
Project("{2150E333-8FDC-42A3-9474-1A3956D46DE8}") = "CatalogService", "CatalogService", "{D90E5CF8-15D1-4E06-A9A2-309337CFBC69}"
EndProject
Project("{9A19103F-16F7-4668-BE54-9A1E7A4F7556}") = "CatalogService.API", "Services\CatalogService\CatalogService.API\CatalogService.API.csproj", "{555E1975-423C-43A6-BFBB-966A1DDC8CA1}"
EndProject
Project("{9A19103F-16F7-4668-BE54-9A1E7A4F7556}") = "CatalogService.Application", "Services\CatalogService\CatalogService.Application\CatalogService.Application.csproj", "{BE27C7BE-1B83-4866-A144-742E7760076C}"
EndProject
Project("{9A19103F-16F7-4668-BE54-9A1E7A4F7556}") = "CatalogService.Core", "Services\CatalogService\CatalogService.Core\CatalogService.Core.csproj", "{FFE09541-CA99-4C35-9DD2-483897708DCB}"
EndProject
Project("{9A19103F-16F7-4668-BE54-9A1E7A4F7556}") = "CatalogService.Infrastructure", "Services\CatalogService\CatalogService.Infrastructure\CatalogService.Infrastructure.csproj", "{88F3F451-4377-4B40-BCA4-8A5F3A5AE719}"
EndProject
Project("{2150E333-8FDC-42A3-9474-1A3956D46DE8}") = "Gateway", "Gateway", "{96388AD6-0B12-4C68-A54A-3EE811EF96D9}"
EndProject
Project("{2150E333-8FDC-42A3-9474-1A3956D46DE8}") = "Envoy", "Envoy", "{016D2C7B-35E1-4FE8-B3E2-9F9949A75978}"
	ProjectSection(SolutionItems) = preProject
		Gateway\Envoy\Dockerfile = Gateway\Envoy\Dockerfile
		Gateway\Envoy\entrypoint.sh = Gateway\Envoy\entrypoint.sh
		Gateway\Envoy\envoy.yaml = Gateway\Envoy\envoy.yaml
	EndProjectSection
EndProject
Project("{FAE04EC0-301F-11D3-BF4B-00C04F79EFBC}") = "BuildingBlocks", "BuildingBlocks\BuildingBlocks.csproj", "{33D53795-1CF4-4177-A813-502CAE80109F}"
EndProject
Global
	GlobalSection(SolutionConfigurationPlatforms) = preSolution
		Debug|Any CPU = Debug|Any CPU
		Release|Any CPU = Release|Any CPU
	EndGlobalSection
	GlobalSection(ProjectConfigurationPlatforms) = postSolution
		{FDB9CFD3-2020-4B1E-A018-2BE5231F2792}.Debug|Any CPU.ActiveCfg = Debug|Any CPU
		{FDB9CFD3-2020-4B1E-A018-2BE5231F2792}.Debug|Any CPU.Build.0 = Debug|Any CPU
		{FDB9CFD3-2020-4B1E-A018-2BE5231F2792}.Release|Any CPU.ActiveCfg = Release|Any CPU
		{FDB9CFD3-2020-4B1E-A018-2BE5231F2792}.Release|Any CPU.Build.0 = Release|Any CPU
		{F2ADF61C-4304-4D84-BDB2-A79E9A9E09EA}.Debug|Any CPU.ActiveCfg = Debug|Any CPU
		{F2ADF61C-4304-4D84-BDB2-A79E9A9E09EA}.Debug|Any CPU.Build.0 = Debug|Any CPU
		{F2ADF61C-4304-4D84-BDB2-A79E9A9E09EA}.Release|Any CPU.ActiveCfg = Release|Any CPU
		{F2ADF61C-4304-4D84-BDB2-A79E9A9E09EA}.Release|Any CPU.Build.0 = Release|Any CPU
		{95816264-E4DC-4D86-838B-93A68D5B0FDF}.Debug|Any CPU.ActiveCfg = Debug|Any CPU
		{95816264-E4DC-4D86-838B-93A68D5B0FDF}.Debug|Any CPU.Build.0 = Debug|Any CPU
		{95816264-E4DC-4D86-838B-93A68D5B0FDF}.Release|Any CPU.ActiveCfg = Release|Any CPU
		{95816264-E4DC-4D86-838B-93A68D5B0FDF}.Release|Any CPU.Build.0 = Release|Any CPU
		{64792C04-F534-49F8-99E5-9D2CE34AB6C9}.Debug|Any CPU.ActiveCfg = Debug|Any CPU
		{64792C04-F534-49F8-99E5-9D2CE34AB6C9}.Debug|Any CPU.Build.0 = Debug|Any CPU
		{64792C04-F534-49F8-99E5-9D2CE34AB6C9}.Release|Any CPU.ActiveCfg = Release|Any CPU
		{64792C04-F534-49F8-99E5-9D2CE34AB6C9}.Release|Any CPU.Build.0 = Release|Any CPU
		{555E1975-423C-43A6-BFBB-966A1DDC8CA1}.Debug|Any CPU.ActiveCfg = Debug|Any CPU
		{555E1975-423C-43A6-BFBB-966A1DDC8CA1}.Debug|Any CPU.Build.0 = Debug|Any CPU
		{555E1975-423C-43A6-BFBB-966A1DDC8CA1}.Release|Any CPU.ActiveCfg = Release|Any CPU
		{555E1975-423C-43A6-BFBB-966A1DDC8CA1}.Release|Any CPU.Build.0 = Release|Any CPU
		{BE27C7BE-1B83-4866-A144-742E7760076C}.Debug|Any CPU.ActiveCfg = Debug|Any CPU
		{BE27C7BE-1B83-4866-A144-742E7760076C}.Debug|Any CPU.Build.0 = Debug|Any CPU
		{BE27C7BE-1B83-4866-A144-742E7760076C}.Release|Any CPU.ActiveCfg = Release|Any CPU
		{BE27C7BE-1B83-4866-A144-742E7760076C}.Release|Any CPU.Build.0 = Release|Any CPU
		{FFE09541-CA99-4C35-9DD2-483897708DCB}.Debug|Any CPU.ActiveCfg = Debug|Any CPU
		{FFE09541-CA99-4C35-9DD2-483897708DCB}.Debug|Any CPU.Build.0 = Debug|Any CPU
		{FFE09541-CA99-4C35-9DD2-483897708DCB}.Release|Any CPU.ActiveCfg = Release|Any CPU
		{FFE09541-CA99-4C35-9DD2-483897708DCB}.Release|Any CPU.Build.0 = Release|Any CPU
		{88F3F451-4377-4B40-BCA4-8A5F3A5AE719}.Debug|Any CPU.ActiveCfg = Debug|Any CPU
		{88F3F451-4377-4B40-BCA4-8A5F3A5AE719}.Debug|Any CPU.Build.0 = Debug|Any CPU
		{88F3F451-4377-4B40-BCA4-8A5F3A5AE719}.Release|Any CPU.ActiveCfg = Release|Any CPU
		{88F3F451-4377-4B40-BCA4-8A5F3A5AE719}.Release|Any CPU.Build.0 = Release|Any CPU
		{33D53795-1CF4-4177-A813-502CAE80109F}.Debug|Any CPU.ActiveCfg = Debug|Any CPU
		{33D53795-1CF4-4177-A813-502CAE80109F}.Debug|Any CPU.Build.0 = Debug|Any CPU
		{33D53795-1CF4-4177-A813-502CAE80109F}.Release|Any CPU.ActiveCfg = Release|Any CPU
		{33D53795-1CF4-4177-A813-502CAE80109F}.Release|Any CPU.Build.0 = Release|Any CPU
	EndGlobalSection
	GlobalSection(SolutionProperties) = preSolution
		HideSolutionNode = FALSE
	EndGlobalSection
	GlobalSection(NestedProjects) = preSolution
		{0B206754-4D92-4797-B432-6AE4087DD8FC} = {6E48F8BA-942E-4127-AE36-22DF24AC82F9}
		{FDB9CFD3-2020-4B1E-A018-2BE5231F2792} = {0B206754-4D92-4797-B432-6AE4087DD8FC}
		{F2ADF61C-4304-4D84-BDB2-A79E9A9E09EA} = {0B206754-4D92-4797-B432-6AE4087DD8FC}
		{95816264-E4DC-4D86-838B-93A68D5B0FDF} = {0B206754-4D92-4797-B432-6AE4087DD8FC}
		{64792C04-F534-49F8-99E5-9D2CE34AB6C9} = {0B206754-4D92-4797-B432-6AE4087DD8FC}
		{D90E5CF8-15D1-4E06-A9A2-309337CFBC69} = {6E48F8BA-942E-4127-AE36-22DF24AC82F9}
		{555E1975-423C-43A6-BFBB-966A1DDC8CA1} = {D90E5CF8-15D1-4E06-A9A2-309337CFBC69}
		{BE27C7BE-1B83-4866-A144-742E7760076C} = {D90E5CF8-15D1-4E06-A9A2-309337CFBC69}
		{FFE09541-CA99-4C35-9DD2-483897708DCB} = {D90E5CF8-15D1-4E06-A9A2-309337CFBC69}
		{88F3F451-4377-4B40-BCA4-8A5F3A5AE719} = {D90E5CF8-15D1-4E06-A9A2-309337CFBC69}
		{016D2C7B-35E1-4FE8-B3E2-9F9949A75978} = {96388AD6-0B12-4C68-A54A-3EE811EF96D9}
	EndGlobalSection
	GlobalSection(ExtensibilityGlobals) = postSolution
		SolutionGuid = {AE53E729-71F1-414F-9EA1-DBF6E5DDEAD4}
	EndGlobalSection
EndGlobal
