
Microsoft Visual Studio Solution File, Format Version 12.00
# Visual Studio Version 17
VisualStudioVersion = 17.2.32505.173
MinimumVisualStudioVersion = 10.0.40219.1
Project("{9A19103F-16F7-4668-BE54-9A1E7A4F7556}") = "OrderService.Contracts", "OrderService.Contracts\OrderService.Contracts.csproj", "{CE2BDC3C-9E26-4437-82F2-D67DE0D7F4F4}"
EndProject
Project("{9A19103F-16F7-4668-BE54-9A1E7A4F7556}") = "OrderService.Core", "OrderService.Core\OrderService.Core.csproj", "{9C6A9D91-5EE6-423B-8B2C-FFA0EF12A7C1}"
EndProject
Project("{9A19103F-16F7-4668-BE54-9A1E7A4F7556}") = "OrderService.Infrastructure", "OrderService.Infrastructure\OrderService.Infrastructure.csproj", "{6F73B85D-DC30-4B1C-9DAC-5A0006630CF4}"
EndProject
Project("{9A19103F-16F7-4668-BE54-9A1E7A4F7556}") = "OrderService.Application", "OrderService.Application\OrderService.Application.csproj", "{AC75707A-22BD-49BD-BFC3-8B9DCF0EBA52}"
EndProject
Project("{9A19103F-16F7-4668-BE54-9A1E7A4F7556}") = "OrderService.API", "OrderService.API\OrderService.API.csproj", "{781BB8E0-2FC3-4E36-8CA1-692D8081C4E7}"
EndProject
Project("{2150E333-8FDC-42A3-9474-1A3956D46DE8}") = "BuildingBlocks", "BuildingBlocks", "{CEF1A439-3237-4F22-8210-28EFD4DDD0CC}"
EndProject
Project("{9A19103F-16F7-4668-BE54-9A1E7A4F7556}") = "BuildingBlocks.Domain", "..\..\BuildingBlocks\BuildingBlocks.Domain\BuildingBlocks.Domain.csproj", "{B7BCD78F-2E48-49DF-BB6C-01E2F4F837B0}"
EndProject
Project("{9A19103F-16F7-4668-BE54-9A1E7A4F7556}") = "BuildingBlocks.EfCore", "..\..\BuildingBlocks\BuildingBlocks.EfCore\BuildingBlocks.EfCore.csproj", "{8CD146D4-2436-4517-BC93-435FBE9565A9}"
EndProject
Project("{9A19103F-16F7-4668-BE54-9A1E7A4F7556}") = "BuildingBlocks.Exceptions", "..\..\BuildingBlocks\BuildingBlocks.Exceptions\BuildingBlocks.Exceptions.csproj", "{828F82A9-BD7D-41D8-B8C7-4E077A5DFD9E}"
EndProject
Project("{9A19103F-16F7-4668-BE54-9A1E7A4F7556}") = "BuildingBlocks.Extensions", "..\..\BuildingBlocks\BuildingBlocks.Extensions\BuildingBlocks.Extensions.csproj", "{E204578D-4C48-439E-A231-D3E6BEDBC0E7}"
EndProject
Project("{9A19103F-16F7-4668-BE54-9A1E7A4F7556}") = "BuildingBlocks.Masstransit", "..\..\BuildingBlocks\BuildingBlocks.Masstransit\BuildingBlocks.Masstransit.csproj", "{BAE9C68C-7E48-4E04-877E-162E1E9D30A9}"
EndProject
Project("{9A19103F-16F7-4668-BE54-9A1E7A4F7556}") = "BuildingBlocks.Middleware", "..\..\BuildingBlocks\BuildingBlocks.Middleware\BuildingBlocks.Middleware.csproj", "{99B50159-1984-44F4-8D6C-094B511B588B}"
EndProject
Project("{9A19103F-16F7-4668-BE54-9A1E7A4F7556}") = "BuildingBlocks.Mongo", "..\..\BuildingBlocks\BuildingBlocks.Mongo\BuildingBlocks.Mongo.csproj", "{CCF5611A-6E42-4B08-85F2-36268A328774}"
EndProject
Project("{9A19103F-16F7-4668-BE54-9A1E7A4F7556}") = "BuildingBlocks.Redis", "..\..\BuildingBlocks\BuildingBlocks.Redis\BuildingBlocks.Redis.csproj", "{6B85380B-210F-4D02-B933-35F7A72682ED}"
EndProject
Global
	GlobalSection(SolutionConfigurationPlatforms) = preSolution
		Debug|Any CPU = Debug|Any CPU
		Release|Any CPU = Release|Any CPU
	EndGlobalSection
	GlobalSection(ProjectConfigurationPlatforms) = postSolution
		{CE2BDC3C-9E26-4437-82F2-D67DE0D7F4F4}.Debug|Any CPU.ActiveCfg = Debug|Any CPU
		{CE2BDC3C-9E26-4437-82F2-D67DE0D7F4F4}.Debug|Any CPU.Build.0 = Debug|Any CPU
		{CE2BDC3C-9E26-4437-82F2-D67DE0D7F4F4}.Release|Any CPU.ActiveCfg = Release|Any CPU
		{CE2BDC3C-9E26-4437-82F2-D67DE0D7F4F4}.Release|Any CPU.Build.0 = Release|Any CPU
		{9C6A9D91-5EE6-423B-8B2C-FFA0EF12A7C1}.Debug|Any CPU.ActiveCfg = Debug|Any CPU
		{9C6A9D91-5EE6-423B-8B2C-FFA0EF12A7C1}.Debug|Any CPU.Build.0 = Debug|Any CPU
		{9C6A9D91-5EE6-423B-8B2C-FFA0EF12A7C1}.Release|Any CPU.ActiveCfg = Release|Any CPU
		{9C6A9D91-5EE6-423B-8B2C-FFA0EF12A7C1}.Release|Any CPU.Build.0 = Release|Any CPU
		{6F73B85D-DC30-4B1C-9DAC-5A0006630CF4}.Debug|Any CPU.ActiveCfg = Debug|Any CPU
		{6F73B85D-DC30-4B1C-9DAC-5A0006630CF4}.Debug|Any CPU.Build.0 = Debug|Any CPU
		{6F73B85D-DC30-4B1C-9DAC-5A0006630CF4}.Release|Any CPU.ActiveCfg = Release|Any CPU
		{6F73B85D-DC30-4B1C-9DAC-5A0006630CF4}.Release|Any CPU.Build.0 = Release|Any CPU
		{AC75707A-22BD-49BD-BFC3-8B9DCF0EBA52}.Debug|Any CPU.ActiveCfg = Debug|Any CPU
		{AC75707A-22BD-49BD-BFC3-8B9DCF0EBA52}.Debug|Any CPU.Build.0 = Debug|Any CPU
		{AC75707A-22BD-49BD-BFC3-8B9DCF0EBA52}.Release|Any CPU.ActiveCfg = Release|Any CPU
		{AC75707A-22BD-49BD-BFC3-8B9DCF0EBA52}.Release|Any CPU.Build.0 = Release|Any CPU
		{781BB8E0-2FC3-4E36-8CA1-692D8081C4E7}.Debug|Any CPU.ActiveCfg = Debug|Any CPU
		{781BB8E0-2FC3-4E36-8CA1-692D8081C4E7}.Debug|Any CPU.Build.0 = Debug|Any CPU
		{781BB8E0-2FC3-4E36-8CA1-692D8081C4E7}.Release|Any CPU.ActiveCfg = Release|Any CPU
		{781BB8E0-2FC3-4E36-8CA1-692D8081C4E7}.Release|Any CPU.Build.0 = Release|Any CPU
		{B7BCD78F-2E48-49DF-BB6C-01E2F4F837B0}.Debug|Any CPU.ActiveCfg = Debug|Any CPU
		{B7BCD78F-2E48-49DF-BB6C-01E2F4F837B0}.Debug|Any CPU.Build.0 = Debug|Any CPU
		{B7BCD78F-2E48-49DF-BB6C-01E2F4F837B0}.Release|Any CPU.ActiveCfg = Release|Any CPU
		{B7BCD78F-2E48-49DF-BB6C-01E2F4F837B0}.Release|Any CPU.Build.0 = Release|Any CPU
		{8CD146D4-2436-4517-BC93-435FBE9565A9}.Debug|Any CPU.ActiveCfg = Debug|Any CPU
		{8CD146D4-2436-4517-BC93-435FBE9565A9}.Debug|Any CPU.Build.0 = Debug|Any CPU
		{8CD146D4-2436-4517-BC93-435FBE9565A9}.Release|Any CPU.ActiveCfg = Release|Any CPU
		{8CD146D4-2436-4517-BC93-435FBE9565A9}.Release|Any CPU.Build.0 = Release|Any CPU
		{828F82A9-BD7D-41D8-B8C7-4E077A5DFD9E}.Debug|Any CPU.ActiveCfg = Debug|Any CPU
		{828F82A9-BD7D-41D8-B8C7-4E077A5DFD9E}.Debug|Any CPU.Build.0 = Debug|Any CPU
		{828F82A9-BD7D-41D8-B8C7-4E077A5DFD9E}.Release|Any CPU.ActiveCfg = Release|Any CPU
		{828F82A9-BD7D-41D8-B8C7-4E077A5DFD9E}.Release|Any CPU.Build.0 = Release|Any CPU
		{E204578D-4C48-439E-A231-D3E6BEDBC0E7}.Debug|Any CPU.ActiveCfg = Debug|Any CPU
		{E204578D-4C48-439E-A231-D3E6BEDBC0E7}.Debug|Any CPU.Build.0 = Debug|Any CPU
		{E204578D-4C48-439E-A231-D3E6BEDBC0E7}.Release|Any CPU.ActiveCfg = Release|Any CPU
		{E204578D-4C48-439E-A231-D3E6BEDBC0E7}.Release|Any CPU.Build.0 = Release|Any CPU
		{BAE9C68C-7E48-4E04-877E-162E1E9D30A9}.Debug|Any CPU.ActiveCfg = Debug|Any CPU
		{BAE9C68C-7E48-4E04-877E-162E1E9D30A9}.Debug|Any CPU.Build.0 = Debug|Any CPU
		{BAE9C68C-7E48-4E04-877E-162E1E9D30A9}.Release|Any CPU.ActiveCfg = Release|Any CPU
		{BAE9C68C-7E48-4E04-877E-162E1E9D30A9}.Release|Any CPU.Build.0 = Release|Any CPU
		{99B50159-1984-44F4-8D6C-094B511B588B}.Debug|Any CPU.ActiveCfg = Debug|Any CPU
		{99B50159-1984-44F4-8D6C-094B511B588B}.Debug|Any CPU.Build.0 = Debug|Any CPU
		{99B50159-1984-44F4-8D6C-094B511B588B}.Release|Any CPU.ActiveCfg = Release|Any CPU
		{99B50159-1984-44F4-8D6C-094B511B588B}.Release|Any CPU.Build.0 = Release|Any CPU
		{CCF5611A-6E42-4B08-85F2-36268A328774}.Debug|Any CPU.ActiveCfg = Debug|Any CPU
		{CCF5611A-6E42-4B08-85F2-36268A328774}.Debug|Any CPU.Build.0 = Debug|Any CPU
		{CCF5611A-6E42-4B08-85F2-36268A328774}.Release|Any CPU.ActiveCfg = Release|Any CPU
		{CCF5611A-6E42-4B08-85F2-36268A328774}.Release|Any CPU.Build.0 = Release|Any CPU
		{6B85380B-210F-4D02-B933-35F7A72682ED}.Debug|Any CPU.ActiveCfg = Debug|Any CPU
		{6B85380B-210F-4D02-B933-35F7A72682ED}.Debug|Any CPU.Build.0 = Debug|Any CPU
		{6B85380B-210F-4D02-B933-35F7A72682ED}.Release|Any CPU.ActiveCfg = Release|Any CPU
		{6B85380B-210F-4D02-B933-35F7A72682ED}.Release|Any CPU.Build.0 = Release|Any CPU
	EndGlobalSection
	GlobalSection(SolutionProperties) = preSolution
		HideSolutionNode = FALSE
	EndGlobalSection
	GlobalSection(NestedProjects) = preSolution
		{B7BCD78F-2E48-49DF-BB6C-01E2F4F837B0} = {CEF1A439-3237-4F22-8210-28EFD4DDD0CC}
		{8CD146D4-2436-4517-BC93-435FBE9565A9} = {CEF1A439-3237-4F22-8210-28EFD4DDD0CC}
		{828F82A9-BD7D-41D8-B8C7-4E077A5DFD9E} = {CEF1A439-3237-4F22-8210-28EFD4DDD0CC}
		{E204578D-4C48-439E-A231-D3E6BEDBC0E7} = {CEF1A439-3237-4F22-8210-28EFD4DDD0CC}
		{BAE9C68C-7E48-4E04-877E-162E1E9D30A9} = {CEF1A439-3237-4F22-8210-28EFD4DDD0CC}
		{99B50159-1984-44F4-8D6C-094B511B588B} = {CEF1A439-3237-4F22-8210-28EFD4DDD0CC}
		{CCF5611A-6E42-4B08-85F2-36268A328774} = {CEF1A439-3237-4F22-8210-28EFD4DDD0CC}
		{6B85380B-210F-4D02-B933-35F7A72682ED} = {CEF1A439-3237-4F22-8210-28EFD4DDD0CC}
	EndGlobalSection
	GlobalSection(ExtensibilityGlobals) = postSolution
		SolutionGuid = {14AEA329-92AC-465C-A856-B03FD7ACB162}
	EndGlobalSection
EndGlobal
