
Microsoft Visual Studio Solution File, Format Version 12.00
# Visual Studio Version 17
VisualStudioVersion = 17.2.32505.173
MinimumVisualStudioVersion = 10.0.40219.1
Project("{9A19103F-16F7-4668-BE54-9A1E7A4F7556}") = "TenantService.API", "TenantService.API\TenantService.API.csproj", "{51156940-F7A7-4B07-A468-361B67E1C409}"
EndProject
Project("{9A19103F-16F7-4668-BE54-9A1E7A4F7556}") = "TenantService.Contracts", "TenantService.Contracts\TenantService.Contracts.csproj", "{A02CC80E-1335-469A-86B6-81EFFC5D3895}"
EndProject
Project("{9A19103F-16F7-4668-BE54-9A1E7A4F7556}") = "TenantService.Core", "TenantService.Core\TenantService.Core.csproj", "{CA7CB383-C030-4CFD-95DF-3B4E0FE9C71B}"
EndProject
Project("{9A19103F-16F7-4668-BE54-9A1E7A4F7556}") = "TenantService.Infrastructure", "TenantService.Infrastructure\TenantService.Infrastructure.csproj", "{D845AE29-E5B5-49E1-88A5-150CA872C9CB}"
EndProject
Project("{9A19103F-16F7-4668-BE54-9A1E7A4F7556}") = "TenantService.Application", "TenantService.Application\TenantService.Application.csproj", "{B306D0BC-BB7E-4774-970B-405516E8D12A}"
EndProject
Project("{2150E333-8FDC-42A3-9474-1A3956D46DE8}") = "BuildingBlocks", "BuildingBlocks", "{51D8BF8B-A1AA-4855-979A-7B7126C46A7A}"
EndProject
Project("{9A19103F-16F7-4668-BE54-9A1E7A4F7556}") = "BuildingBlocks.Domain", "..\..\BuildingBlocks\BuildingBlocks.Domain\BuildingBlocks.Domain.csproj", "{0252EEC7-67F1-4CB7-BFA1-7C023D392F57}"
EndProject
Project("{9A19103F-16F7-4668-BE54-9A1E7A4F7556}") = "BuildingBlocks.EfCore", "..\..\BuildingBlocks\BuildingBlocks.EfCore\BuildingBlocks.EfCore.csproj", "{FD514AD2-C97C-4AF8-8B45-958706ED54B7}"
EndProject
Project("{9A19103F-16F7-4668-BE54-9A1E7A4F7556}") = "BuildingBlocks.Exceptions", "..\..\BuildingBlocks\BuildingBlocks.Exceptions\BuildingBlocks.Exceptions.csproj", "{47774AFA-3AE4-4082-9784-DE9F389CCC3E}"
EndProject
Project("{9A19103F-16F7-4668-BE54-9A1E7A4F7556}") = "BuildingBlocks.Extensions", "..\..\BuildingBlocks\BuildingBlocks.Extensions\BuildingBlocks.Extensions.csproj", "{CE3B94CC-0081-4DD4-9AFE-A0E875218FE9}"
EndProject
Project("{9A19103F-16F7-4668-BE54-9A1E7A4F7556}") = "BuildingBlocks.Masstransit", "..\..\BuildingBlocks\BuildingBlocks.Masstransit\BuildingBlocks.Masstransit.csproj", "{B0599255-5B5A-4F3E-AECA-18550C488E8E}"
EndProject
Project("{9A19103F-16F7-4668-BE54-9A1E7A4F7556}") = "BuildingBlocks.Middleware", "..\..\BuildingBlocks\BuildingBlocks.Middleware\BuildingBlocks.Middleware.csproj", "{B4A37056-DCDC-43E0-94C7-EEBCF79B4917}"
EndProject
Project("{9A19103F-16F7-4668-BE54-9A1E7A4F7556}") = "BuildingBlocks.Mongo", "..\..\BuildingBlocks\BuildingBlocks.Mongo\BuildingBlocks.Mongo.csproj", "{9C6D7E2F-CB65-40B8-AA57-11A60B17CD32}"
EndProject
Project("{9A19103F-16F7-4668-BE54-9A1E7A4F7556}") = "BuildingBlocks.Redis", "..\..\BuildingBlocks\BuildingBlocks.Redis\BuildingBlocks.Redis.csproj", "{ADED6BE0-6C1F-47ED-9499-AA85CB45DCE5}"
EndProject
Project("{9A19103F-16F7-4668-BE54-9A1E7A4F7556}") = "BuildingBlocks.Cache", "..\..\BuildingBlocks\BuildingBlocks.Cache\BuildingBlocks.Cache.csproj", "{6126EC06-2E01-4E4E-B1CC-132C1AE969D2}"
EndProject
Project("{9A19103F-16F7-4668-BE54-9A1E7A4F7556}") = "BuildingBlocks.Multitenancy", "..\..\BuildingBlocks\BuildingBlocks.Multitenancy\BuildingBlocks.Multitenancy.csproj", "{17EEFD00-ABF5-4803-AFD4-DFE837DE258F}"
EndProject
Project("{2150E333-8FDC-42A3-9474-1A3956D46DE8}") = "Contracts", "Contracts", "{DBFB515E-E757-4A4C-AB11-B319F045546C}"
EndProject
Project("{9A19103F-16F7-4668-BE54-9A1E7A4F7556}") = "FileService.Contracts", "..\FileService\FileService.Contracts\FileService.Contracts.csproj", "{25ACDEA3-D251-4F38-939B-087221E68AAD}"
EndProject
Global
	GlobalSection(SolutionConfigurationPlatforms) = preSolution
		Debug|Any CPU = Debug|Any CPU
		Release|Any CPU = Release|Any CPU
	EndGlobalSection
	GlobalSection(ProjectConfigurationPlatforms) = postSolution
		{51156940-F7A7-4B07-A468-361B67E1C409}.Debug|Any CPU.ActiveCfg = Debug|Any CPU
		{51156940-F7A7-4B07-A468-361B67E1C409}.Debug|Any CPU.Build.0 = Debug|Any CPU
		{51156940-F7A7-4B07-A468-361B67E1C409}.Release|Any CPU.ActiveCfg = Release|Any CPU
		{51156940-F7A7-4B07-A468-361B67E1C409}.Release|Any CPU.Build.0 = Release|Any CPU
		{A02CC80E-1335-469A-86B6-81EFFC5D3895}.Debug|Any CPU.ActiveCfg = Debug|Any CPU
		{A02CC80E-1335-469A-86B6-81EFFC5D3895}.Debug|Any CPU.Build.0 = Debug|Any CPU
		{A02CC80E-1335-469A-86B6-81EFFC5D3895}.Release|Any CPU.ActiveCfg = Release|Any CPU
		{A02CC80E-1335-469A-86B6-81EFFC5D3895}.Release|Any CPU.Build.0 = Release|Any CPU
		{CA7CB383-C030-4CFD-95DF-3B4E0FE9C71B}.Debug|Any CPU.ActiveCfg = Debug|Any CPU
		{CA7CB383-C030-4CFD-95DF-3B4E0FE9C71B}.Debug|Any CPU.Build.0 = Debug|Any CPU
		{CA7CB383-C030-4CFD-95DF-3B4E0FE9C71B}.Release|Any CPU.ActiveCfg = Release|Any CPU
		{CA7CB383-C030-4CFD-95DF-3B4E0FE9C71B}.Release|Any CPU.Build.0 = Release|Any CPU
		{D845AE29-E5B5-49E1-88A5-150CA872C9CB}.Debug|Any CPU.ActiveCfg = Debug|Any CPU
		{D845AE29-E5B5-49E1-88A5-150CA872C9CB}.Debug|Any CPU.Build.0 = Debug|Any CPU
		{D845AE29-E5B5-49E1-88A5-150CA872C9CB}.Release|Any CPU.ActiveCfg = Release|Any CPU
		{D845AE29-E5B5-49E1-88A5-150CA872C9CB}.Release|Any CPU.Build.0 = Release|Any CPU
		{B306D0BC-BB7E-4774-970B-405516E8D12A}.Debug|Any CPU.ActiveCfg = Debug|Any CPU
		{B306D0BC-BB7E-4774-970B-405516E8D12A}.Debug|Any CPU.Build.0 = Debug|Any CPU
		{B306D0BC-BB7E-4774-970B-405516E8D12A}.Release|Any CPU.ActiveCfg = Release|Any CPU
		{B306D0BC-BB7E-4774-970B-405516E8D12A}.Release|Any CPU.Build.0 = Release|Any CPU
		{0252EEC7-67F1-4CB7-BFA1-7C023D392F57}.Debug|Any CPU.ActiveCfg = Debug|Any CPU
		{0252EEC7-67F1-4CB7-BFA1-7C023D392F57}.Debug|Any CPU.Build.0 = Debug|Any CPU
		{0252EEC7-67F1-4CB7-BFA1-7C023D392F57}.Release|Any CPU.ActiveCfg = Release|Any CPU
		{0252EEC7-67F1-4CB7-BFA1-7C023D392F57}.Release|Any CPU.Build.0 = Release|Any CPU
		{FD514AD2-C97C-4AF8-8B45-958706ED54B7}.Debug|Any CPU.ActiveCfg = Debug|Any CPU
		{FD514AD2-C97C-4AF8-8B45-958706ED54B7}.Debug|Any CPU.Build.0 = Debug|Any CPU
		{FD514AD2-C97C-4AF8-8B45-958706ED54B7}.Release|Any CPU.ActiveCfg = Release|Any CPU
		{FD514AD2-C97C-4AF8-8B45-958706ED54B7}.Release|Any CPU.Build.0 = Release|Any CPU
		{47774AFA-3AE4-4082-9784-DE9F389CCC3E}.Debug|Any CPU.ActiveCfg = Debug|Any CPU
		{47774AFA-3AE4-4082-9784-DE9F389CCC3E}.Debug|Any CPU.Build.0 = Debug|Any CPU
		{47774AFA-3AE4-4082-9784-DE9F389CCC3E}.Release|Any CPU.ActiveCfg = Release|Any CPU
		{47774AFA-3AE4-4082-9784-DE9F389CCC3E}.Release|Any CPU.Build.0 = Release|Any CPU
		{CE3B94CC-0081-4DD4-9AFE-A0E875218FE9}.Debug|Any CPU.ActiveCfg = Debug|Any CPU
		{CE3B94CC-0081-4DD4-9AFE-A0E875218FE9}.Debug|Any CPU.Build.0 = Debug|Any CPU
		{CE3B94CC-0081-4DD4-9AFE-A0E875218FE9}.Release|Any CPU.ActiveCfg = Release|Any CPU
		{CE3B94CC-0081-4DD4-9AFE-A0E875218FE9}.Release|Any CPU.Build.0 = Release|Any CPU
		{B0599255-5B5A-4F3E-AECA-18550C488E8E}.Debug|Any CPU.ActiveCfg = Debug|Any CPU
		{B0599255-5B5A-4F3E-AECA-18550C488E8E}.Debug|Any CPU.Build.0 = Debug|Any CPU
		{B0599255-5B5A-4F3E-AECA-18550C488E8E}.Release|Any CPU.ActiveCfg = Release|Any CPU
		{B0599255-5B5A-4F3E-AECA-18550C488E8E}.Release|Any CPU.Build.0 = Release|Any CPU
		{B4A37056-DCDC-43E0-94C7-EEBCF79B4917}.Debug|Any CPU.ActiveCfg = Debug|Any CPU
		{B4A37056-DCDC-43E0-94C7-EEBCF79B4917}.Debug|Any CPU.Build.0 = Debug|Any CPU
		{B4A37056-DCDC-43E0-94C7-EEBCF79B4917}.Release|Any CPU.ActiveCfg = Release|Any CPU
		{B4A37056-DCDC-43E0-94C7-EEBCF79B4917}.Release|Any CPU.Build.0 = Release|Any CPU
		{9C6D7E2F-CB65-40B8-AA57-11A60B17CD32}.Debug|Any CPU.ActiveCfg = Debug|Any CPU
		{9C6D7E2F-CB65-40B8-AA57-11A60B17CD32}.Debug|Any CPU.Build.0 = Debug|Any CPU
		{9C6D7E2F-CB65-40B8-AA57-11A60B17CD32}.Release|Any CPU.ActiveCfg = Release|Any CPU
		{9C6D7E2F-CB65-40B8-AA57-11A60B17CD32}.Release|Any CPU.Build.0 = Release|Any CPU
		{ADED6BE0-6C1F-47ED-9499-AA85CB45DCE5}.Debug|Any CPU.ActiveCfg = Debug|Any CPU
		{ADED6BE0-6C1F-47ED-9499-AA85CB45DCE5}.Debug|Any CPU.Build.0 = Debug|Any CPU
		{ADED6BE0-6C1F-47ED-9499-AA85CB45DCE5}.Release|Any CPU.ActiveCfg = Release|Any CPU
		{ADED6BE0-6C1F-47ED-9499-AA85CB45DCE5}.Release|Any CPU.Build.0 = Release|Any CPU
		{6126EC06-2E01-4E4E-B1CC-132C1AE969D2}.Debug|Any CPU.ActiveCfg = Debug|Any CPU
		{6126EC06-2E01-4E4E-B1CC-132C1AE969D2}.Debug|Any CPU.Build.0 = Debug|Any CPU
		{6126EC06-2E01-4E4E-B1CC-132C1AE969D2}.Release|Any CPU.ActiveCfg = Release|Any CPU
		{6126EC06-2E01-4E4E-B1CC-132C1AE969D2}.Release|Any CPU.Build.0 = Release|Any CPU
		{17EEFD00-ABF5-4803-AFD4-DFE837DE258F}.Debug|Any CPU.ActiveCfg = Debug|Any CPU
		{17EEFD00-ABF5-4803-AFD4-DFE837DE258F}.Debug|Any CPU.Build.0 = Debug|Any CPU
		{17EEFD00-ABF5-4803-AFD4-DFE837DE258F}.Release|Any CPU.ActiveCfg = Release|Any CPU
		{17EEFD00-ABF5-4803-AFD4-DFE837DE258F}.Release|Any CPU.Build.0 = Release|Any CPU
		{25ACDEA3-D251-4F38-939B-087221E68AAD}.Debug|Any CPU.ActiveCfg = Debug|Any CPU
		{25ACDEA3-D251-4F38-939B-087221E68AAD}.Debug|Any CPU.Build.0 = Debug|Any CPU
		{25ACDEA3-D251-4F38-939B-087221E68AAD}.Release|Any CPU.ActiveCfg = Release|Any CPU
		{25ACDEA3-D251-4F38-939B-087221E68AAD}.Release|Any CPU.Build.0 = Release|Any CPU
	EndGlobalSection
	GlobalSection(SolutionProperties) = preSolution
		HideSolutionNode = FALSE
	EndGlobalSection
	GlobalSection(NestedProjects) = preSolution
		{A02CC80E-1335-469A-86B6-81EFFC5D3895} = {DBFB515E-E757-4A4C-AB11-B319F045546C}
		{0252EEC7-67F1-4CB7-BFA1-7C023D392F57} = {51D8BF8B-A1AA-4855-979A-7B7126C46A7A}
		{FD514AD2-C97C-4AF8-8B45-958706ED54B7} = {51D8BF8B-A1AA-4855-979A-7B7126C46A7A}
		{47774AFA-3AE4-4082-9784-DE9F389CCC3E} = {51D8BF8B-A1AA-4855-979A-7B7126C46A7A}
		{CE3B94CC-0081-4DD4-9AFE-A0E875218FE9} = {51D8BF8B-A1AA-4855-979A-7B7126C46A7A}
		{B0599255-5B5A-4F3E-AECA-18550C488E8E} = {51D8BF8B-A1AA-4855-979A-7B7126C46A7A}
		{B4A37056-DCDC-43E0-94C7-EEBCF79B4917} = {51D8BF8B-A1AA-4855-979A-7B7126C46A7A}
		{9C6D7E2F-CB65-40B8-AA57-11A60B17CD32} = {51D8BF8B-A1AA-4855-979A-7B7126C46A7A}
		{ADED6BE0-6C1F-47ED-9499-AA85CB45DCE5} = {51D8BF8B-A1AA-4855-979A-7B7126C46A7A}
		{6126EC06-2E01-4E4E-B1CC-132C1AE969D2} = {51D8BF8B-A1AA-4855-979A-7B7126C46A7A}
		{17EEFD00-ABF5-4803-AFD4-DFE837DE258F} = {51D8BF8B-A1AA-4855-979A-7B7126C46A7A}
		{25ACDEA3-D251-4F38-939B-087221E68AAD} = {DBFB515E-E757-4A4C-AB11-B319F045546C}
	EndGlobalSection
	GlobalSection(ExtensibilityGlobals) = postSolution
		SolutionGuid = {8032ACA3-CBCE-4DDB-AA73-0FF74AF318A5}
	EndGlobalSection
EndGlobal
