
Microsoft Visual Studio Solution File, Format Version 12.00
# Visual Studio Version 17
VisualStudioVersion = 17.2.32505.173
MinimumVisualStudioVersion = 10.0.40219.1
Project("{FAE04EC0-301F-11D3-BF4B-00C04F79EFBC}") = "TenantService.API", "TenantService.API\TenantService.API.csproj", "{51156940-F7A7-4B07-A468-361B67E1C409}"
EndProject
Project("{FAE04EC0-301F-11D3-BF4B-00C04F79EFBC}") = "TenantService.Contracts", "TenantService.Contracts\TenantService.Contracts.csproj", "{A02CC80E-1335-469A-86B6-81EFFC5D3895}"
EndProject
Project("{FAE04EC0-301F-11D3-BF4B-00C04F79EFBC}") = "TenantService.Core", "TenantService.Core\TenantService.Core.csproj", "{CA7CB383-C030-4CFD-95DF-3B4E0FE9C71B}"
EndProject
Project("{FAE04EC0-301F-11D3-BF4B-00C04F79EFBC}") = "TenantService.Infrastructure", "TenantService.Infrastructure\TenantService.Infrastructure.csproj", "{D845AE29-E5B5-49E1-88A5-150CA872C9CB}"
EndProject
Project("{FAE04EC0-301F-11D3-BF4B-00C04F79EFBC}") = "TenantService.Application", "TenantService.Application\TenantService.Application.csproj", "{B306D0BC-BB7E-4774-970B-405516E8D12A}"
EndProject
Global
	GlobalSection(SolutionConfigurationPlatforms) = preSolution
		Debug|Any CPU = Debug|Any CPU
		Release|Any CPU = Release|Any CPU
	EndGlobalSection
	GlobalSection(ProjectConfigurationPlatforms) = postSolution
		{51156940-F7A7-4B07-A468-361B67E1C409}.Debug|Any CPU.ActiveCfg = Debug|Any CPU
		{51156940-F7A7-4B07-A468-361B67E1C409}.Debug|Any CPU.Build.0 = Debug|Any CPU
		{51156940-F7A7-4B07-A468-361B67E1C409}.Release|Any CPU.ActiveCfg = Release|Any CPU
		{51156940-F7A7-4B07-A468-361B67E1C409}.Release|Any CPU.Build.0 = Release|Any CPU
		{A02CC80E-1335-469A-86B6-81EFFC5D3895}.Debug|Any CPU.ActiveCfg = Debug|Any CPU
		{A02CC80E-1335-469A-86B6-81EFFC5D3895}.Debug|Any CPU.Build.0 = Debug|Any CPU
		{A02CC80E-1335-469A-86B6-81EFFC5D3895}.Release|Any CPU.ActiveCfg = Release|Any CPU
		{A02CC80E-1335-469A-86B6-81EFFC5D3895}.Release|Any CPU.Build.0 = Release|Any CPU
		{CA7CB383-C030-4CFD-95DF-3B4E0FE9C71B}.Debug|Any CPU.ActiveCfg = Debug|Any CPU
		{CA7CB383-C030-4CFD-95DF-3B4E0FE9C71B}.Debug|Any CPU.Build.0 = Debug|Any CPU
		{CA7CB383-C030-4CFD-95DF-3B4E0FE9C71B}.Release|Any CPU.ActiveCfg = Release|Any CPU
		{CA7CB383-C030-4CFD-95DF-3B4E0FE9C71B}.Release|Any CPU.Build.0 = Release|Any CPU
		{D845AE29-E5B5-49E1-88A5-150CA872C9CB}.Debug|Any CPU.ActiveCfg = Debug|Any CPU
		{D845AE29-E5B5-49E1-88A5-150CA872C9CB}.Debug|Any CPU.Build.0 = Debug|Any CPU
		{D845AE29-E5B5-49E1-88A5-150CA872C9CB}.Release|Any CPU.ActiveCfg = Release|Any CPU
		{D845AE29-E5B5-49E1-88A5-150CA872C9CB}.Release|Any CPU.Build.0 = Release|Any CPU
		{B306D0BC-BB7E-4774-970B-405516E8D12A}.Debug|Any CPU.ActiveCfg = Debug|Any CPU
		{B306D0BC-BB7E-4774-970B-405516E8D12A}.Debug|Any CPU.Build.0 = Debug|Any CPU
		{B306D0BC-BB7E-4774-970B-405516E8D12A}.Release|Any CPU.ActiveCfg = Release|Any CPU
		{B306D0BC-BB7E-4774-970B-405516E8D12A}.Release|Any CPU.Build.0 = Release|Any CPU
	EndGlobalSection
	GlobalSection(SolutionProperties) = preSolution
		HideSolutionNode = FALSE
	EndGlobalSection
	GlobalSection(ExtensibilityGlobals) = postSolution
		SolutionGuid = {8032ACA3-CBCE-4DDB-AA73-0FF74AF318A5}
	EndGlobalSection
EndGlobal
