
Microsoft Visual Studio Solution File, Format Version 12.00
# Visual Studio Version 17
VisualStudioVersion = 17.0.31903.59
MinimumVisualStudioVersion = 10.0.40219.1
Project("{2150E333-8FDC-42A3-9474-1A3956D46DE8}") = "BuildingBlocks", "BuildingBlocks", "{38A839B2-41F7-4F6E-92CD-2BEA3939F3DA}"
EndProject
Project("{2150E333-8FDC-42A3-9474-1A3956D46DE8}") = "Services", "Services", "{11A4B077-5E8E-4B8E-9F7E-68ED4D127A5B}"
EndProject
Project("{9A19103F-16F7-4668-BE54-9A1E7A4F7556}") = "BuildingBlocks.Attributes", "..\..\BuildingBlocks\BuildingBlocks.Attributes\BuildingBlocks.Attributes.csproj", "{029A9EEA-5B3D-4717-8E8B-869E462C6A58}"
EndProject
Project("{9A19103F-16F7-4668-BE54-9A1E7A4F7556}") = "BuildingBlocks.Cache", "..\..\BuildingBlocks\BuildingBlocks.Cache\BuildingBlocks.Cache.csproj", "{24AE8C44-97B6-4605-8F27-F0D98EA5CE9E}"
EndProject
Project("{9A19103F-16F7-4668-BE54-9A1E7A4F7556}") = "BuildingBlocks.Domain", "..\..\BuildingBlocks\BuildingBlocks.Domain\BuildingBlocks.Domain.csproj", "{0216D173-E2F4-480A-BC6C-C004024FE21C}"
EndProject
Project("{9A19103F-16F7-4668-BE54-9A1E7A4F7556}") = "BuildingBlocks.EfCore", "..\..\BuildingBlocks\BuildingBlocks.EfCore\BuildingBlocks.EfCore.csproj", "{BE8012CF-7B14-4158-AD30-B9AC2AE8B1B0}"
EndProject
Project("{9A19103F-16F7-4668-BE54-9A1E7A4F7556}") = "BuildingBlocks.Exceptions", "..\..\BuildingBlocks\BuildingBlocks.Exceptions\BuildingBlocks.Exceptions.csproj", "{841C6A89-48AF-4471-A75C-5C6BDB6B2E9A}"
EndProject
Project("{9A19103F-16F7-4668-BE54-9A1E7A4F7556}") = "BuildingBlocks.Extensions", "..\..\BuildingBlocks\BuildingBlocks.Extensions\BuildingBlocks.Extensions.csproj", "{B6B560D8-02F3-4858-A910-6199727EEEFA}"
EndProject
Project("{9A19103F-16F7-4668-BE54-9A1E7A4F7556}") = "BuildingBlocks.Filters", "..\..\BuildingBlocks\BuildingBlocks.Filters\BuildingBlocks.Filters.csproj", "{4AFE29F2-500A-4A79-BA5A-9FB4D409E7A8}"
EndProject
Project("{9A19103F-16F7-4668-BE54-9A1E7A4F7556}") = "BuildingBlocks.Masstransit", "..\..\BuildingBlocks\BuildingBlocks.Masstransit\BuildingBlocks.Masstransit.csproj", "{8556881B-B5CC-4241-B5FC-F4C5B59BEE17}"
EndProject
Project("{9A19103F-16F7-4668-BE54-9A1E7A4F7556}") = "BuildingBlocks.Middleware", "..\..\BuildingBlocks\BuildingBlocks.Middleware\BuildingBlocks.Middleware.csproj", "{71765306-E7BF-40DB-950C-4E873726FC70}"
EndProject
Project("{9A19103F-16F7-4668-BE54-9A1E7A4F7556}") = "BuildingBlocks.Mongo", "..\..\BuildingBlocks\BuildingBlocks.Mongo\BuildingBlocks.Mongo.csproj", "{623E7251-3190-4C90-9509-8A57088CF3C1}"
EndProject
Project("{9A19103F-16F7-4668-BE54-9A1E7A4F7556}") = "BuildingBlocks.Multitenancy", "..\..\BuildingBlocks\BuildingBlocks.Multitenancy\BuildingBlocks.Multitenancy.csproj", "{FBEEB330-4B7B-4625-AD5F-5E60E71E5C15}"
EndProject
Project("{9A19103F-16F7-4668-BE54-9A1E7A4F7556}") = "BuildingBlocks.Redis", "..\..\BuildingBlocks\BuildingBlocks.Redis\BuildingBlocks.Redis.csproj", "{3E05E777-9EFE-4031-B34F-681314FA2D3A}"
EndProject
Project("{9A19103F-16F7-4668-BE54-9A1E7A4F7556}") = "IdentityService.Core", "IdentityService.Core\IdentityService.Core.csproj", "{5BA4BE0C-335F-4731-865B-C0A450960A26}"
EndProject
Project("{9A19103F-16F7-4668-BE54-9A1E7A4F7556}") = "IdentityService.Infrastructure", "IdentityService.Infrastructure\IdentityService.Infrastructure.csproj", "{1C921232-9BD5-4702-ACEA-ED8E577056F5}"
EndProject
Project("{9A19103F-16F7-4668-BE54-9A1E7A4F7556}") = "IdentityService.Application", "IdentityService.Application\IdentityService.Application.csproj", "{8AE279DB-55B5-4DCB-87AA-0BD9E01A8538}"
EndProject
Project("{9A19103F-16F7-4668-BE54-9A1E7A4F7556}") = "IdentityService.Contracts", "IdentityService.Contracts\IdentityService.Contracts.csproj", "{38DAEBBD-418C-41CA-8A0D-1953A7EBDB10}"
EndProject
Project("{9A19103F-16F7-4668-BE54-9A1E7A4F7556}") = "IdentityService.API", "IdentityService.API\IdentityService.API.csproj", "{052E7470-F4B8-4BAE-8D24-CA68D4E4B596}"
EndProject
Project("{9A19103F-16F7-4668-BE54-9A1E7A4F7556}") = "BuildingBlocks.Authentication", "..\..\BuildingBlocks\BuildingBlocks.Authentication\BuildingBlocks.Authentication.csproj", "{D56454EB-1F35-4E0E-95DA-E40EB527BDD0}"
EndProject
Global
	GlobalSection(SolutionConfigurationPlatforms) = preSolution
		Debug|Any CPU = Debug|Any CPU
		Release|Any CPU = Release|Any CPU
	EndGlobalSection
	GlobalSection(ProjectConfigurationPlatforms) = postSolution
		{029A9EEA-5B3D-4717-8E8B-869E462C6A58}.Debug|Any CPU.ActiveCfg = Debug|Any CPU
		{029A9EEA-5B3D-4717-8E8B-869E462C6A58}.Debug|Any CPU.Build.0 = Debug|Any CPU
		{029A9EEA-5B3D-4717-8E8B-869E462C6A58}.Release|Any CPU.ActiveCfg = Release|Any CPU
		{029A9EEA-5B3D-4717-8E8B-869E462C6A58}.Release|Any CPU.Build.0 = Release|Any CPU
		{24AE8C44-97B6-4605-8F27-F0D98EA5CE9E}.Debug|Any CPU.ActiveCfg = Debug|Any CPU
		{24AE8C44-97B6-4605-8F27-F0D98EA5CE9E}.Debug|Any CPU.Build.0 = Debug|Any CPU
		{24AE8C44-97B6-4605-8F27-F0D98EA5CE9E}.Release|Any CPU.ActiveCfg = Release|Any CPU
		{24AE8C44-97B6-4605-8F27-F0D98EA5CE9E}.Release|Any CPU.Build.0 = Release|Any CPU
		{0216D173-E2F4-480A-BC6C-C004024FE21C}.Debug|Any CPU.ActiveCfg = Debug|Any CPU
		{0216D173-E2F4-480A-BC6C-C004024FE21C}.Debug|Any CPU.Build.0 = Debug|Any CPU
		{0216D173-E2F4-480A-BC6C-C004024FE21C}.Release|Any CPU.ActiveCfg = Release|Any CPU
		{0216D173-E2F4-480A-BC6C-C004024FE21C}.Release|Any CPU.Build.0 = Release|Any CPU
		{BE8012CF-7B14-4158-AD30-B9AC2AE8B1B0}.Debug|Any CPU.ActiveCfg = Debug|Any CPU
		{BE8012CF-7B14-4158-AD30-B9AC2AE8B1B0}.Debug|Any CPU.Build.0 = Debug|Any CPU
		{BE8012CF-7B14-4158-AD30-B9AC2AE8B1B0}.Release|Any CPU.ActiveCfg = Release|Any CPU
		{BE8012CF-7B14-4158-AD30-B9AC2AE8B1B0}.Release|Any CPU.Build.0 = Release|Any CPU
		{841C6A89-48AF-4471-A75C-5C6BDB6B2E9A}.Debug|Any CPU.ActiveCfg = Debug|Any CPU
		{841C6A89-48AF-4471-A75C-5C6BDB6B2E9A}.Debug|Any CPU.Build.0 = Debug|Any CPU
		{841C6A89-48AF-4471-A75C-5C6BDB6B2E9A}.Release|Any CPU.ActiveCfg = Release|Any CPU
		{841C6A89-48AF-4471-A75C-5C6BDB6B2E9A}.Release|Any CPU.Build.0 = Release|Any CPU
		{B6B560D8-02F3-4858-A910-6199727EEEFA}.Debug|Any CPU.ActiveCfg = Debug|Any CPU
		{B6B560D8-02F3-4858-A910-6199727EEEFA}.Debug|Any CPU.Build.0 = Debug|Any CPU
		{B6B560D8-02F3-4858-A910-6199727EEEFA}.Release|Any CPU.ActiveCfg = Release|Any CPU
		{B6B560D8-02F3-4858-A910-6199727EEEFA}.Release|Any CPU.Build.0 = Release|Any CPU
		{4AFE29F2-500A-4A79-BA5A-9FB4D409E7A8}.Debug|Any CPU.ActiveCfg = Debug|Any CPU
		{4AFE29F2-500A-4A79-BA5A-9FB4D409E7A8}.Debug|Any CPU.Build.0 = Debug|Any CPU
		{4AFE29F2-500A-4A79-BA5A-9FB4D409E7A8}.Release|Any CPU.ActiveCfg = Release|Any CPU
		{4AFE29F2-500A-4A79-BA5A-9FB4D409E7A8}.Release|Any CPU.Build.0 = Release|Any CPU
		{8556881B-B5CC-4241-B5FC-F4C5B59BEE17}.Debug|Any CPU.ActiveCfg = Debug|Any CPU
		{8556881B-B5CC-4241-B5FC-F4C5B59BEE17}.Debug|Any CPU.Build.0 = Debug|Any CPU
		{8556881B-B5CC-4241-B5FC-F4C5B59BEE17}.Release|Any CPU.ActiveCfg = Release|Any CPU
		{8556881B-B5CC-4241-B5FC-F4C5B59BEE17}.Release|Any CPU.Build.0 = Release|Any CPU
		{71765306-E7BF-40DB-950C-4E873726FC70}.Debug|Any CPU.ActiveCfg = Debug|Any CPU
		{71765306-E7BF-40DB-950C-4E873726FC70}.Debug|Any CPU.Build.0 = Debug|Any CPU
		{71765306-E7BF-40DB-950C-4E873726FC70}.Release|Any CPU.ActiveCfg = Release|Any CPU
		{71765306-E7BF-40DB-950C-4E873726FC70}.Release|Any CPU.Build.0 = Release|Any CPU
		{623E7251-3190-4C90-9509-8A57088CF3C1}.Debug|Any CPU.ActiveCfg = Debug|Any CPU
		{623E7251-3190-4C90-9509-8A57088CF3C1}.Debug|Any CPU.Build.0 = Debug|Any CPU
		{623E7251-3190-4C90-9509-8A57088CF3C1}.Release|Any CPU.ActiveCfg = Release|Any CPU
		{623E7251-3190-4C90-9509-8A57088CF3C1}.Release|Any CPU.Build.0 = Release|Any CPU
		{FBEEB330-4B7B-4625-AD5F-5E60E71E5C15}.Debug|Any CPU.ActiveCfg = Debug|Any CPU
		{FBEEB330-4B7B-4625-AD5F-5E60E71E5C15}.Debug|Any CPU.Build.0 = Debug|Any CPU
		{FBEEB330-4B7B-4625-AD5F-5E60E71E5C15}.Release|Any CPU.ActiveCfg = Release|Any CPU
		{FBEEB330-4B7B-4625-AD5F-5E60E71E5C15}.Release|Any CPU.Build.0 = Release|Any CPU
		{3E05E777-9EFE-4031-B34F-681314FA2D3A}.Debug|Any CPU.ActiveCfg = Debug|Any CPU
		{3E05E777-9EFE-4031-B34F-681314FA2D3A}.Debug|Any CPU.Build.0 = Debug|Any CPU
		{3E05E777-9EFE-4031-B34F-681314FA2D3A}.Release|Any CPU.ActiveCfg = Release|Any CPU
		{3E05E777-9EFE-4031-B34F-681314FA2D3A}.Release|Any CPU.Build.0 = Release|Any CPU
		{5BA4BE0C-335F-4731-865B-C0A450960A26}.Debug|Any CPU.ActiveCfg = Debug|Any CPU
		{5BA4BE0C-335F-4731-865B-C0A450960A26}.Debug|Any CPU.Build.0 = Debug|Any CPU
		{5BA4BE0C-335F-4731-865B-C0A450960A26}.Release|Any CPU.ActiveCfg = Release|Any CPU
		{5BA4BE0C-335F-4731-865B-C0A450960A26}.Release|Any CPU.Build.0 = Release|Any CPU
		{1C921232-9BD5-4702-ACEA-ED8E577056F5}.Debug|Any CPU.ActiveCfg = Debug|Any CPU
		{1C921232-9BD5-4702-ACEA-ED8E577056F5}.Debug|Any CPU.Build.0 = Debug|Any CPU
		{1C921232-9BD5-4702-ACEA-ED8E577056F5}.Release|Any CPU.ActiveCfg = Release|Any CPU
		{1C921232-9BD5-4702-ACEA-ED8E577056F5}.Release|Any CPU.Build.0 = Release|Any CPU
		{8AE279DB-55B5-4DCB-87AA-0BD9E01A8538}.Debug|Any CPU.ActiveCfg = Debug|Any CPU
		{8AE279DB-55B5-4DCB-87AA-0BD9E01A8538}.Debug|Any CPU.Build.0 = Debug|Any CPU
		{8AE279DB-55B5-4DCB-87AA-0BD9E01A8538}.Release|Any CPU.ActiveCfg = Release|Any CPU
		{8AE279DB-55B5-4DCB-87AA-0BD9E01A8538}.Release|Any CPU.Build.0 = Release|Any CPU
		{38DAEBBD-418C-41CA-8A0D-1953A7EBDB10}.Debug|Any CPU.ActiveCfg = Debug|Any CPU
		{38DAEBBD-418C-41CA-8A0D-1953A7EBDB10}.Debug|Any CPU.Build.0 = Debug|Any CPU
		{38DAEBBD-418C-41CA-8A0D-1953A7EBDB10}.Release|Any CPU.ActiveCfg = Release|Any CPU
		{38DAEBBD-418C-41CA-8A0D-1953A7EBDB10}.Release|Any CPU.Build.0 = Release|Any CPU
		{052E7470-F4B8-4BAE-8D24-CA68D4E4B596}.Debug|Any CPU.ActiveCfg = Debug|Any CPU
		{052E7470-F4B8-4BAE-8D24-CA68D4E4B596}.Debug|Any CPU.Build.0 = Debug|Any CPU
		{052E7470-F4B8-4BAE-8D24-CA68D4E4B596}.Release|Any CPU.ActiveCfg = Release|Any CPU
		{052E7470-F4B8-4BAE-8D24-CA68D4E4B596}.Release|Any CPU.Build.0 = Release|Any CPU
		{D56454EB-1F35-4E0E-95DA-E40EB527BDD0}.Debug|Any CPU.ActiveCfg = Debug|Any CPU
		{D56454EB-1F35-4E0E-95DA-E40EB527BDD0}.Debug|Any CPU.Build.0 = Debug|Any CPU
		{D56454EB-1F35-4E0E-95DA-E40EB527BDD0}.Release|Any CPU.ActiveCfg = Release|Any CPU
		{D56454EB-1F35-4E0E-95DA-E40EB527BDD0}.Release|Any CPU.Build.0 = Release|Any CPU
	EndGlobalSection
	GlobalSection(SolutionProperties) = preSolution
		HideSolutionNode = FALSE
	EndGlobalSection
	GlobalSection(NestedProjects) = preSolution
		{029A9EEA-5B3D-4717-8E8B-869E462C6A58} = {38A839B2-41F7-4F6E-92CD-2BEA3939F3DA}
		{24AE8C44-97B6-4605-8F27-F0D98EA5CE9E} = {38A839B2-41F7-4F6E-92CD-2BEA3939F3DA}
		{0216D173-E2F4-480A-BC6C-C004024FE21C} = {38A839B2-41F7-4F6E-92CD-2BEA3939F3DA}
		{BE8012CF-7B14-4158-AD30-B9AC2AE8B1B0} = {38A839B2-41F7-4F6E-92CD-2BEA3939F3DA}
		{841C6A89-48AF-4471-A75C-5C6BDB6B2E9A} = {38A839B2-41F7-4F6E-92CD-2BEA3939F3DA}
		{B6B560D8-02F3-4858-A910-6199727EEEFA} = {38A839B2-41F7-4F6E-92CD-2BEA3939F3DA}
		{4AFE29F2-500A-4A79-BA5A-9FB4D409E7A8} = {38A839B2-41F7-4F6E-92CD-2BEA3939F3DA}
		{8556881B-B5CC-4241-B5FC-F4C5B59BEE17} = {38A839B2-41F7-4F6E-92CD-2BEA3939F3DA}
		{71765306-E7BF-40DB-950C-4E873726FC70} = {38A839B2-41F7-4F6E-92CD-2BEA3939F3DA}
		{623E7251-3190-4C90-9509-8A57088CF3C1} = {38A839B2-41F7-4F6E-92CD-2BEA3939F3DA}
		{FBEEB330-4B7B-4625-AD5F-5E60E71E5C15} = {38A839B2-41F7-4F6E-92CD-2BEA3939F3DA}
		{3E05E777-9EFE-4031-B34F-681314FA2D3A} = {38A839B2-41F7-4F6E-92CD-2BEA3939F3DA}
		{5BA4BE0C-335F-4731-865B-C0A450960A26} = {11A4B077-5E8E-4B8E-9F7E-68ED4D127A5B}
		{1C921232-9BD5-4702-ACEA-ED8E577056F5} = {11A4B077-5E8E-4B8E-9F7E-68ED4D127A5B}
		{8AE279DB-55B5-4DCB-87AA-0BD9E01A8538} = {11A4B077-5E8E-4B8E-9F7E-68ED4D127A5B}
		{38DAEBBD-418C-41CA-8A0D-1953A7EBDB10} = {11A4B077-5E8E-4B8E-9F7E-68ED4D127A5B}
		{052E7470-F4B8-4BAE-8D24-CA68D4E4B596} = {11A4B077-5E8E-4B8E-9F7E-68ED4D127A5B}
		{D56454EB-1F35-4E0E-95DA-E40EB527BDD0} = {38A839B2-41F7-4F6E-92CD-2BEA3939F3DA}
	EndGlobalSection
	GlobalSection(ExtensibilityGlobals) = postSolution
		SolutionGuid = {6DBD31D4-8550-41EB-B90A-2DB7322E9DB6}
	EndGlobalSection
EndGlobal
