
Microsoft Visual Studio Solution File, Format Version 12.00
# Visual Studio Version 17
VisualStudioVersion = 17.2.32505.173
MinimumVisualStudioVersion = 10.0.40219.1
Project("{9A19103F-16F7-4668-BE54-9A1E7A4F7556}") = "BuildingBlocks", "..\..\BuildingBlocks\BuildingBlocks.csproj", "{8D460FC1-EE3A-49DC-82F9-7BC65A8048D6}"
EndProject
Project("{9A19103F-16F7-4668-BE54-9A1E7A4F7556}") = "IdentityService.API", "IdentityService.API\IdentityService.API.csproj", "{C796C8B0-F4DB-427F-A3AD-9CD97C9707FB}"
EndProject
Project("{9A19103F-16F7-4668-BE54-9A1E7A4F7556}") = "IdentityService.Application", "IdentityService.Application\IdentityService.Application.csproj", "{8BCE968A-C693-490E-926C-14BC6C09BFAE}"
EndProject
Project("{9A19103F-16F7-4668-BE54-9A1E7A4F7556}") = "IdentityService.Core", "IdentityService.Core\IdentityService.Core.csproj", "{96FAEEC4-B7E7-4731-BCE5-54E831287F88}"
EndProject
Project("{9A19103F-16F7-4668-BE54-9A1E7A4F7556}") = "IdentityService.Infrastructure", "IdentityService.Infrastructure\IdentityService.Infrastructure.csproj", "{C3744C5F-4DD0-4D67-BB4F-305C84E279FC}"
EndProject
Project("{FAE04EC0-301F-11D3-BF4B-00C04F79EFBC}") = "IdentityService.Contracts", "IdentityService.Contracts\IdentityService.Contracts.csproj", "{DCB32810-9483-469C-8344-8B4DFC913BB8}"
EndProject
Global
	GlobalSection(SolutionConfigurationPlatforms) = preSolution
		Debug|Any CPU = Debug|Any CPU
		Release|Any CPU = Release|Any CPU
	EndGlobalSection
	GlobalSection(ProjectConfigurationPlatforms) = postSolution
		{8D460FC1-EE3A-49DC-82F9-7BC65A8048D6}.Debug|Any CPU.ActiveCfg = Debug|Any CPU
		{8D460FC1-EE3A-49DC-82F9-7BC65A8048D6}.Debug|Any CPU.Build.0 = Debug|Any CPU
		{8D460FC1-EE3A-49DC-82F9-7BC65A8048D6}.Release|Any CPU.ActiveCfg = Release|Any CPU
		{8D460FC1-EE3A-49DC-82F9-7BC65A8048D6}.Release|Any CPU.Build.0 = Release|Any CPU
		{C796C8B0-F4DB-427F-A3AD-9CD97C9707FB}.Debug|Any CPU.ActiveCfg = Debug|Any CPU
		{C796C8B0-F4DB-427F-A3AD-9CD97C9707FB}.Debug|Any CPU.Build.0 = Debug|Any CPU
		{C796C8B0-F4DB-427F-A3AD-9CD97C9707FB}.Release|Any CPU.ActiveCfg = Release|Any CPU
		{C796C8B0-F4DB-427F-A3AD-9CD97C9707FB}.Release|Any CPU.Build.0 = Release|Any CPU
		{8BCE968A-C693-490E-926C-14BC6C09BFAE}.Debug|Any CPU.ActiveCfg = Debug|Any CPU
		{8BCE968A-C693-490E-926C-14BC6C09BFAE}.Debug|Any CPU.Build.0 = Debug|Any CPU
		{8BCE968A-C693-490E-926C-14BC6C09BFAE}.Release|Any CPU.ActiveCfg = Release|Any CPU
		{8BCE968A-C693-490E-926C-14BC6C09BFAE}.Release|Any CPU.Build.0 = Release|Any CPU
		{96FAEEC4-B7E7-4731-BCE5-54E831287F88}.Debug|Any CPU.ActiveCfg = Debug|Any CPU
		{96FAEEC4-B7E7-4731-BCE5-54E831287F88}.Debug|Any CPU.Build.0 = Debug|Any CPU
		{96FAEEC4-B7E7-4731-BCE5-54E831287F88}.Release|Any CPU.ActiveCfg = Release|Any CPU
		{96FAEEC4-B7E7-4731-BCE5-54E831287F88}.Release|Any CPU.Build.0 = Release|Any CPU
		{C3744C5F-4DD0-4D67-BB4F-305C84E279FC}.Debug|Any CPU.ActiveCfg = Debug|Any CPU
		{C3744C5F-4DD0-4D67-BB4F-305C84E279FC}.Debug|Any CPU.Build.0 = Debug|Any CPU
		{C3744C5F-4DD0-4D67-BB4F-305C84E279FC}.Release|Any CPU.ActiveCfg = Release|Any CPU
		{C3744C5F-4DD0-4D67-BB4F-305C84E279FC}.Release|Any CPU.Build.0 = Release|Any CPU
		{DCB32810-9483-469C-8344-8B4DFC913BB8}.Debug|Any CPU.ActiveCfg = Debug|Any CPU
		{DCB32810-9483-469C-8344-8B4DFC913BB8}.Debug|Any CPU.Build.0 = Debug|Any CPU
		{DCB32810-9483-469C-8344-8B4DFC913BB8}.Release|Any CPU.ActiveCfg = Release|Any CPU
		{DCB32810-9483-469C-8344-8B4DFC913BB8}.Release|Any CPU.Build.0 = Release|Any CPU
	EndGlobalSection
	GlobalSection(SolutionProperties) = preSolution
		HideSolutionNode = FALSE
	EndGlobalSection
	GlobalSection(ExtensibilityGlobals) = postSolution
		SolutionGuid = {1FC93EBD-3801-494C-BF38-FCD069EAA657}
	EndGlobalSection
EndGlobal
