
Microsoft Visual Studio Solution File, Format Version 12.00
# Visual Studio Version 17
VisualStudioVersion = 17.2.32505.173
MinimumVisualStudioVersion = 10.0.40219.1
Project("{9A19103F-16F7-4668-BE54-9A1E7A4F7556}") = "DeliveryService.Contracts", "DeliveryService.Contracts\DeliveryService.Contracts.csproj", "{648ED5AC-345B-45BE-8379-EABBDD0C6209}"
EndProject
Project("{9A19103F-16F7-4668-BE54-9A1E7A4F7556}") = "DeliveryService.API", "DeliveryService.API\DeliveryService.API.csproj", "{1C07AC61-296D-4F4C-829E-63C4B520A5D2}"
EndProject
Project("{9A19103F-16F7-4668-BE54-9A1E7A4F7556}") = "DeliveryService.Core", "DeliveryService.Core\DeliveryService.Core.csproj", "{6BF2061D-7F67-484E-8C35-15EACD6E5AFD}"
EndProject
Project("{9A19103F-16F7-4668-BE54-9A1E7A4F7556}") = "DeliveryService.Infrastructure", "DeliveryService.Infrastructure\DeliveryService.Infrastructure.csproj", "{1390DB64-770E-47F9-B936-FF594614B5FA}"
EndProject
Project("{9A19103F-16F7-4668-BE54-9A1E7A4F7556}") = "DeliveryService.Application", "DeliveryService.Application\DeliveryService.Application.csproj", "{21C54C3C-DA50-4AE2-B778-E1436A1B8172}"
EndProject
Project("{2150E333-8FDC-42A3-9474-1A3956D46DE8}") = "BuildingBlocks", "BuildingBlocks", "{A559CB44-865C-4B38-9C60-B69A431BF9EB}"
EndProject
Project("{9A19103F-16F7-4668-BE54-9A1E7A4F7556}") = "BuildingBlocks.Domain", "..\..\BuildingBlocks\BuildingBlocks.Domain\BuildingBlocks.Domain.csproj", "{C126FF1A-D4BC-48AA-B049-3069BC33154D}"
EndProject
Project("{9A19103F-16F7-4668-BE54-9A1E7A4F7556}") = "BuildingBlocks.EfCore", "..\..\BuildingBlocks\BuildingBlocks.EfCore\BuildingBlocks.EfCore.csproj", "{20A49538-84BE-44E0-9661-A5289DBB33FF}"
EndProject
Project("{9A19103F-16F7-4668-BE54-9A1E7A4F7556}") = "BuildingBlocks.Exceptions", "..\..\BuildingBlocks\BuildingBlocks.Exceptions\BuildingBlocks.Exceptions.csproj", "{43A23BB6-4791-4E2D-835C-96EBA5886BB3}"
EndProject
Project("{9A19103F-16F7-4668-BE54-9A1E7A4F7556}") = "BuildingBlocks.Extensions", "..\..\BuildingBlocks\BuildingBlocks.Extensions\BuildingBlocks.Extensions.csproj", "{38FFB29E-C625-41A7-9756-3EBDC65CAF9F}"
EndProject
Project("{9A19103F-16F7-4668-BE54-9A1E7A4F7556}") = "BuildingBlocks.Masstransit", "..\..\BuildingBlocks\BuildingBlocks.Masstransit\BuildingBlocks.Masstransit.csproj", "{BEBA5644-BE2A-465D-B3C0-BB626A63AD88}"
EndProject
Project("{9A19103F-16F7-4668-BE54-9A1E7A4F7556}") = "BuildingBlocks.Middleware", "..\..\BuildingBlocks\BuildingBlocks.Middleware\BuildingBlocks.Middleware.csproj", "{3908038C-C17D-4463-A851-51F8FDD818B3}"
EndProject
Project("{9A19103F-16F7-4668-BE54-9A1E7A4F7556}") = "BuildingBlocks.Mongo", "..\..\BuildingBlocks\BuildingBlocks.Mongo\BuildingBlocks.Mongo.csproj", "{BB50EB14-4ACC-4A1F-AB8C-57FDB6B4F35C}"
EndProject
Project("{9A19103F-16F7-4668-BE54-9A1E7A4F7556}") = "BuildingBlocks.Redis", "..\..\BuildingBlocks\BuildingBlocks.Redis\BuildingBlocks.Redis.csproj", "{9BD41712-D6DA-467B-BE52-3E5A3341711E}"
EndProject
Project("{9A19103F-16F7-4668-BE54-9A1E7A4F7556}") = "BuildingBlocks.Cache", "..\..\BuildingBlocks\BuildingBlocks.Cache\BuildingBlocks.Cache.csproj", "{6118CEBB-B9A0-4C03-BA49-BF97D83D5937}"
EndProject
Project("{9A19103F-16F7-4668-BE54-9A1E7A4F7556}") = "BuildingBlocks.Multitenancy", "..\..\BuildingBlocks\BuildingBlocks.Multitenancy\BuildingBlocks.Multitenancy.csproj", "{17C1AA6D-4356-4A70-B824-A8386261A991}"
EndProject
Global
	GlobalSection(SolutionConfigurationPlatforms) = preSolution
		Debug|Any CPU = Debug|Any CPU
		Release|Any CPU = Release|Any CPU
	EndGlobalSection
	GlobalSection(ProjectConfigurationPlatforms) = postSolution
		{648ED5AC-345B-45BE-8379-EABBDD0C6209}.Debug|Any CPU.ActiveCfg = Debug|Any CPU
		{648ED5AC-345B-45BE-8379-EABBDD0C6209}.Debug|Any CPU.Build.0 = Debug|Any CPU
		{648ED5AC-345B-45BE-8379-EABBDD0C6209}.Release|Any CPU.ActiveCfg = Release|Any CPU
		{648ED5AC-345B-45BE-8379-EABBDD0C6209}.Release|Any CPU.Build.0 = Release|Any CPU
		{1C07AC61-296D-4F4C-829E-63C4B520A5D2}.Debug|Any CPU.ActiveCfg = Debug|Any CPU
		{1C07AC61-296D-4F4C-829E-63C4B520A5D2}.Debug|Any CPU.Build.0 = Debug|Any CPU
		{1C07AC61-296D-4F4C-829E-63C4B520A5D2}.Release|Any CPU.ActiveCfg = Release|Any CPU
		{1C07AC61-296D-4F4C-829E-63C4B520A5D2}.Release|Any CPU.Build.0 = Release|Any CPU
		{6BF2061D-7F67-484E-8C35-15EACD6E5AFD}.Debug|Any CPU.ActiveCfg = Debug|Any CPU
		{6BF2061D-7F67-484E-8C35-15EACD6E5AFD}.Debug|Any CPU.Build.0 = Debug|Any CPU
		{6BF2061D-7F67-484E-8C35-15EACD6E5AFD}.Release|Any CPU.ActiveCfg = Release|Any CPU
		{6BF2061D-7F67-484E-8C35-15EACD6E5AFD}.Release|Any CPU.Build.0 = Release|Any CPU
		{1390DB64-770E-47F9-B936-FF594614B5FA}.Debug|Any CPU.ActiveCfg = Debug|Any CPU
		{1390DB64-770E-47F9-B936-FF594614B5FA}.Debug|Any CPU.Build.0 = Debug|Any CPU
		{1390DB64-770E-47F9-B936-FF594614B5FA}.Release|Any CPU.ActiveCfg = Release|Any CPU
		{1390DB64-770E-47F9-B936-FF594614B5FA}.Release|Any CPU.Build.0 = Release|Any CPU
		{21C54C3C-DA50-4AE2-B778-E1436A1B8172}.Debug|Any CPU.ActiveCfg = Debug|Any CPU
		{21C54C3C-DA50-4AE2-B778-E1436A1B8172}.Debug|Any CPU.Build.0 = Debug|Any CPU
		{21C54C3C-DA50-4AE2-B778-E1436A1B8172}.Release|Any CPU.ActiveCfg = Release|Any CPU
		{21C54C3C-DA50-4AE2-B778-E1436A1B8172}.Release|Any CPU.Build.0 = Release|Any CPU
		{C126FF1A-D4BC-48AA-B049-3069BC33154D}.Debug|Any CPU.ActiveCfg = Debug|Any CPU
		{C126FF1A-D4BC-48AA-B049-3069BC33154D}.Debug|Any CPU.Build.0 = Debug|Any CPU
		{C126FF1A-D4BC-48AA-B049-3069BC33154D}.Release|Any CPU.ActiveCfg = Release|Any CPU
		{C126FF1A-D4BC-48AA-B049-3069BC33154D}.Release|Any CPU.Build.0 = Release|Any CPU
		{20A49538-84BE-44E0-9661-A5289DBB33FF}.Debug|Any CPU.ActiveCfg = Debug|Any CPU
		{20A49538-84BE-44E0-9661-A5289DBB33FF}.Debug|Any CPU.Build.0 = Debug|Any CPU
		{20A49538-84BE-44E0-9661-A5289DBB33FF}.Release|Any CPU.ActiveCfg = Release|Any CPU
		{20A49538-84BE-44E0-9661-A5289DBB33FF}.Release|Any CPU.Build.0 = Release|Any CPU
		{43A23BB6-4791-4E2D-835C-96EBA5886BB3}.Debug|Any CPU.ActiveCfg = Debug|Any CPU
		{43A23BB6-4791-4E2D-835C-96EBA5886BB3}.Debug|Any CPU.Build.0 = Debug|Any CPU
		{43A23BB6-4791-4E2D-835C-96EBA5886BB3}.Release|Any CPU.ActiveCfg = Release|Any CPU
		{43A23BB6-4791-4E2D-835C-96EBA5886BB3}.Release|Any CPU.Build.0 = Release|Any CPU
		{38FFB29E-C625-41A7-9756-3EBDC65CAF9F}.Debug|Any CPU.ActiveCfg = Debug|Any CPU
		{38FFB29E-C625-41A7-9756-3EBDC65CAF9F}.Debug|Any CPU.Build.0 = Debug|Any CPU
		{38FFB29E-C625-41A7-9756-3EBDC65CAF9F}.Release|Any CPU.ActiveCfg = Release|Any CPU
		{38FFB29E-C625-41A7-9756-3EBDC65CAF9F}.Release|Any CPU.Build.0 = Release|Any CPU
		{BEBA5644-BE2A-465D-B3C0-BB626A63AD88}.Debug|Any CPU.ActiveCfg = Debug|Any CPU
		{BEBA5644-BE2A-465D-B3C0-BB626A63AD88}.Debug|Any CPU.Build.0 = Debug|Any CPU
		{BEBA5644-BE2A-465D-B3C0-BB626A63AD88}.Release|Any CPU.ActiveCfg = Release|Any CPU
		{BEBA5644-BE2A-465D-B3C0-BB626A63AD88}.Release|Any CPU.Build.0 = Release|Any CPU
		{3908038C-C17D-4463-A851-51F8FDD818B3}.Debug|Any CPU.ActiveCfg = Debug|Any CPU
		{3908038C-C17D-4463-A851-51F8FDD818B3}.Debug|Any CPU.Build.0 = Debug|Any CPU
		{3908038C-C17D-4463-A851-51F8FDD818B3}.Release|Any CPU.ActiveCfg = Release|Any CPU
		{3908038C-C17D-4463-A851-51F8FDD818B3}.Release|Any CPU.Build.0 = Release|Any CPU
		{BB50EB14-4ACC-4A1F-AB8C-57FDB6B4F35C}.Debug|Any CPU.ActiveCfg = Debug|Any CPU
		{BB50EB14-4ACC-4A1F-AB8C-57FDB6B4F35C}.Debug|Any CPU.Build.0 = Debug|Any CPU
		{BB50EB14-4ACC-4A1F-AB8C-57FDB6B4F35C}.Release|Any CPU.ActiveCfg = Release|Any CPU
		{BB50EB14-4ACC-4A1F-AB8C-57FDB6B4F35C}.Release|Any CPU.Build.0 = Release|Any CPU
		{9BD41712-D6DA-467B-BE52-3E5A3341711E}.Debug|Any CPU.ActiveCfg = Debug|Any CPU
		{9BD41712-D6DA-467B-BE52-3E5A3341711E}.Debug|Any CPU.Build.0 = Debug|Any CPU
		{9BD41712-D6DA-467B-BE52-3E5A3341711E}.Release|Any CPU.ActiveCfg = Release|Any CPU
		{9BD41712-D6DA-467B-BE52-3E5A3341711E}.Release|Any CPU.Build.0 = Release|Any CPU
		{6118CEBB-B9A0-4C03-BA49-BF97D83D5937}.Debug|Any CPU.ActiveCfg = Debug|Any CPU
		{6118CEBB-B9A0-4C03-BA49-BF97D83D5937}.Debug|Any CPU.Build.0 = Debug|Any CPU
		{6118CEBB-B9A0-4C03-BA49-BF97D83D5937}.Release|Any CPU.ActiveCfg = Release|Any CPU
		{6118CEBB-B9A0-4C03-BA49-BF97D83D5937}.Release|Any CPU.Build.0 = Release|Any CPU
		{17C1AA6D-4356-4A70-B824-A8386261A991}.Debug|Any CPU.ActiveCfg = Debug|Any CPU
		{17C1AA6D-4356-4A70-B824-A8386261A991}.Debug|Any CPU.Build.0 = Debug|Any CPU
		{17C1AA6D-4356-4A70-B824-A8386261A991}.Release|Any CPU.ActiveCfg = Release|Any CPU
		{17C1AA6D-4356-4A70-B824-A8386261A991}.Release|Any CPU.Build.0 = Release|Any CPU
	EndGlobalSection
	GlobalSection(SolutionProperties) = preSolution
		HideSolutionNode = FALSE
	EndGlobalSection
	GlobalSection(NestedProjects) = preSolution
		{C126FF1A-D4BC-48AA-B049-3069BC33154D} = {A559CB44-865C-4B38-9C60-B69A431BF9EB}
		{20A49538-84BE-44E0-9661-A5289DBB33FF} = {A559CB44-865C-4B38-9C60-B69A431BF9EB}
		{43A23BB6-4791-4E2D-835C-96EBA5886BB3} = {A559CB44-865C-4B38-9C60-B69A431BF9EB}
		{38FFB29E-C625-41A7-9756-3EBDC65CAF9F} = {A559CB44-865C-4B38-9C60-B69A431BF9EB}
		{BEBA5644-BE2A-465D-B3C0-BB626A63AD88} = {A559CB44-865C-4B38-9C60-B69A431BF9EB}
		{3908038C-C17D-4463-A851-51F8FDD818B3} = {A559CB44-865C-4B38-9C60-B69A431BF9EB}
		{BB50EB14-4ACC-4A1F-AB8C-57FDB6B4F35C} = {A559CB44-865C-4B38-9C60-B69A431BF9EB}
		{9BD41712-D6DA-467B-BE52-3E5A3341711E} = {A559CB44-865C-4B38-9C60-B69A431BF9EB}
		{6118CEBB-B9A0-4C03-BA49-BF97D83D5937} = {A559CB44-865C-4B38-9C60-B69A431BF9EB}
		{17C1AA6D-4356-4A70-B824-A8386261A991} = {A559CB44-865C-4B38-9C60-B69A431BF9EB}
	EndGlobalSection
	GlobalSection(ExtensibilityGlobals) = postSolution
		SolutionGuid = {4F0C1E19-8CBA-4262-B3D0-B12E3104AE60}
	EndGlobalSection
EndGlobal
