
Microsoft Visual Studio Solution File, Format Version 12.00
# Visual Studio Version 17
VisualStudioVersion = 17.0.31903.59
MinimumVisualStudioVersion = 10.0.40219.1
Project("{9A19103F-16F7-4668-BE54-9A1E7A4F7556}") = "CatalogService.API", "CatalogService.API\CatalogService.API.csproj", "{3DA5064D-118A-4EBB-8AF1-1D5A1B0D5CC6}"
EndProject
Project("{9A19103F-16F7-4668-BE54-9A1E7A4F7556}") = "CatalogService.Core", "CatalogService.Core\CatalogService.Core.csproj", "{B168792E-45B3-4A64-905F-FA1A0941847C}"
EndProject
Project("{9A19103F-16F7-4668-BE54-9A1E7A4F7556}") = "CatalogService.Application", "CatalogService.Application\CatalogService.Application.csproj", "{30181127-13B6-4513-82CD-585EB8539D82}"
EndProject
Project("{9A19103F-16F7-4668-BE54-9A1E7A4F7556}") = "CatalogService.Infrastructure", "CatalogService.Infrastructure\CatalogService.Infrastructure.csproj", "{13047F2B-2C39-4D9B-AD4A-586297420055}"
EndProject
Project("{9A19103F-16F7-4668-BE54-9A1E7A4F7556}") = "CatalogService.Contracts", "CatalogService.Contracts\CatalogService.Contracts.csproj", "{10CF9FD0-D1D9-43C2-9858-1E9B5E44EBC0}"
EndProject
Project("{2150E333-8FDC-42A3-9474-1A3956D46DE8}") = "BuildingBlocks", "BuildingBlocks", "{F744067D-DE45-4584-9313-B46B0A22C221}"
EndProject
Project("{2150E333-8FDC-42A3-9474-1A3956D46DE8}") = "Services", "Services", "{13D48A46-4A8C-419B-A19B-729E7F56C83E}"
EndProject
Project("{9A19103F-16F7-4668-BE54-9A1E7A4F7556}") = "BuildingBlocks.Domain", "..\..\BuildingBlocks\BuildingBlocks.Domain\BuildingBlocks.Domain.csproj", "{78D69EBD-2974-47E5-A84D-7ABEB77810AD}"
EndProject
Project("{9A19103F-16F7-4668-BE54-9A1E7A4F7556}") = "BuildingBlocks.EfCore", "..\..\BuildingBlocks\BuildingBlocks.EfCore\BuildingBlocks.EfCore.csproj", "{8D8D1ED6-9BA8-409F-9976-D634A093FF16}"
EndProject
Project("{9A19103F-16F7-4668-BE54-9A1E7A4F7556}") = "BuildingBlocks.Attributes", "..\..\BuildingBlocks\BuildingBlocks.Attributes\BuildingBlocks.Attributes.csproj", "{6E91338E-F6B0-4600-961B-FCBD3415CE2C}"
EndProject
Project("{9A19103F-16F7-4668-BE54-9A1E7A4F7556}") = "BuildingBlocks.Cache", "..\..\BuildingBlocks\BuildingBlocks.Cache\BuildingBlocks.Cache.csproj", "{8911EC51-97C1-46A8-A02E-C801B4052AF1}"
EndProject
Project("{9A19103F-16F7-4668-BE54-9A1E7A4F7556}") = "BuildingBlocks.Exceptions", "..\..\BuildingBlocks\BuildingBlocks.Exceptions\BuildingBlocks.Exceptions.csproj", "{55A5B72F-D2D8-4A30-92A9-9CDC4C534407}"
EndProject
Project("{9A19103F-16F7-4668-BE54-9A1E7A4F7556}") = "BuildingBlocks.Extensions", "..\..\BuildingBlocks\BuildingBlocks.Extensions\BuildingBlocks.Extensions.csproj", "{F37E4E98-9140-44EB-832C-AC5945C48AF5}"
EndProject
Project("{9A19103F-16F7-4668-BE54-9A1E7A4F7556}") = "BuildingBlocks.Masstransit", "..\..\BuildingBlocks\BuildingBlocks.Masstransit\BuildingBlocks.Masstransit.csproj", "{DB16B484-1DAC-4711-9C25-FDCBB930AA5E}"
EndProject
Project("{9A19103F-16F7-4668-BE54-9A1E7A4F7556}") = "BuildingBlocks.Middleware", "..\..\BuildingBlocks\BuildingBlocks.Middleware\BuildingBlocks.Middleware.csproj", "{467F7CE1-F059-4CC1-ABFB-7601C0A2771A}"
EndProject
Project("{9A19103F-16F7-4668-BE54-9A1E7A4F7556}") = "BuildingBlocks.Multitenancy", "..\..\BuildingBlocks\BuildingBlocks.Multitenancy\BuildingBlocks.Multitenancy.csproj", "{FB6441F0-B904-45A5-95EB-B948F08523A8}"
EndProject
Project("{9A19103F-16F7-4668-BE54-9A1E7A4F7556}") = "BuildingBlocks.Mongo", "..\..\BuildingBlocks\BuildingBlocks.Mongo\BuildingBlocks.Mongo.csproj", "{74853AB1-72DA-4A15-BD6A-89C581417B0C}"
EndProject
Project("{9A19103F-16F7-4668-BE54-9A1E7A4F7556}") = "BuildingBlocks.Redis", "..\..\BuildingBlocks\BuildingBlocks.Redis\BuildingBlocks.Redis.csproj", "{73654DD7-5076-4998-AE6D-0C466E31D37C}"
EndProject
Project("{9A19103F-16F7-4668-BE54-9A1E7A4F7556}") = "BuildingBlocks.Filters", "..\..\BuildingBlocks\BuildingBlocks.Filters\BuildingBlocks.Filters.csproj", "{C4BCAACA-FEF6-4399-ABE8-61760320FB0E}"
EndProject
Project("{FAE04EC0-301F-11D3-BF4B-00C04F79EFBC}") = "BuildingBlocks.Authentication", "..\..\BuildingBlocks\BuildingBlocks.Authentication\BuildingBlocks.Authentication.csproj", "{1FEF9512-BC94-4676-B615-5647F20E3C5B}"
EndProject
Global
	GlobalSection(SolutionConfigurationPlatforms) = preSolution
		Debug|Any CPU = Debug|Any CPU
		Release|Any CPU = Release|Any CPU
	EndGlobalSection
	GlobalSection(ProjectConfigurationPlatforms) = postSolution
		{3DA5064D-118A-4EBB-8AF1-1D5A1B0D5CC6}.Debug|Any CPU.ActiveCfg = Debug|Any CPU
		{3DA5064D-118A-4EBB-8AF1-1D5A1B0D5CC6}.Debug|Any CPU.Build.0 = Debug|Any CPU
		{3DA5064D-118A-4EBB-8AF1-1D5A1B0D5CC6}.Release|Any CPU.ActiveCfg = Release|Any CPU
		{3DA5064D-118A-4EBB-8AF1-1D5A1B0D5CC6}.Release|Any CPU.Build.0 = Release|Any CPU
		{B168792E-45B3-4A64-905F-FA1A0941847C}.Debug|Any CPU.ActiveCfg = Debug|Any CPU
		{B168792E-45B3-4A64-905F-FA1A0941847C}.Debug|Any CPU.Build.0 = Debug|Any CPU
		{B168792E-45B3-4A64-905F-FA1A0941847C}.Release|Any CPU.ActiveCfg = Release|Any CPU
		{B168792E-45B3-4A64-905F-FA1A0941847C}.Release|Any CPU.Build.0 = Release|Any CPU
		{30181127-13B6-4513-82CD-585EB8539D82}.Debug|Any CPU.ActiveCfg = Debug|Any CPU
		{30181127-13B6-4513-82CD-585EB8539D82}.Debug|Any CPU.Build.0 = Debug|Any CPU
		{30181127-13B6-4513-82CD-585EB8539D82}.Release|Any CPU.ActiveCfg = Release|Any CPU
		{30181127-13B6-4513-82CD-585EB8539D82}.Release|Any CPU.Build.0 = Release|Any CPU
		{13047F2B-2C39-4D9B-AD4A-586297420055}.Debug|Any CPU.ActiveCfg = Debug|Any CPU
		{13047F2B-2C39-4D9B-AD4A-586297420055}.Debug|Any CPU.Build.0 = Debug|Any CPU
		{13047F2B-2C39-4D9B-AD4A-586297420055}.Release|Any CPU.ActiveCfg = Release|Any CPU
		{13047F2B-2C39-4D9B-AD4A-586297420055}.Release|Any CPU.Build.0 = Release|Any CPU
		{10CF9FD0-D1D9-43C2-9858-1E9B5E44EBC0}.Debug|Any CPU.ActiveCfg = Debug|Any CPU
		{10CF9FD0-D1D9-43C2-9858-1E9B5E44EBC0}.Debug|Any CPU.Build.0 = Debug|Any CPU
		{10CF9FD0-D1D9-43C2-9858-1E9B5E44EBC0}.Release|Any CPU.ActiveCfg = Release|Any CPU
		{10CF9FD0-D1D9-43C2-9858-1E9B5E44EBC0}.Release|Any CPU.Build.0 = Release|Any CPU
		{78D69EBD-2974-47E5-A84D-7ABEB77810AD}.Debug|Any CPU.ActiveCfg = Debug|Any CPU
		{78D69EBD-2974-47E5-A84D-7ABEB77810AD}.Debug|Any CPU.Build.0 = Debug|Any CPU
		{78D69EBD-2974-47E5-A84D-7ABEB77810AD}.Release|Any CPU.ActiveCfg = Release|Any CPU
		{78D69EBD-2974-47E5-A84D-7ABEB77810AD}.Release|Any CPU.Build.0 = Release|Any CPU
		{8D8D1ED6-9BA8-409F-9976-D634A093FF16}.Debug|Any CPU.ActiveCfg = Debug|Any CPU
		{8D8D1ED6-9BA8-409F-9976-D634A093FF16}.Debug|Any CPU.Build.0 = Debug|Any CPU
		{8D8D1ED6-9BA8-409F-9976-D634A093FF16}.Release|Any CPU.ActiveCfg = Release|Any CPU
		{8D8D1ED6-9BA8-409F-9976-D634A093FF16}.Release|Any CPU.Build.0 = Release|Any CPU
		{6E91338E-F6B0-4600-961B-FCBD3415CE2C}.Debug|Any CPU.ActiveCfg = Debug|Any CPU
		{6E91338E-F6B0-4600-961B-FCBD3415CE2C}.Debug|Any CPU.Build.0 = Debug|Any CPU
		{6E91338E-F6B0-4600-961B-FCBD3415CE2C}.Release|Any CPU.ActiveCfg = Release|Any CPU
		{6E91338E-F6B0-4600-961B-FCBD3415CE2C}.Release|Any CPU.Build.0 = Release|Any CPU
		{8911EC51-97C1-46A8-A02E-C801B4052AF1}.Debug|Any CPU.ActiveCfg = Debug|Any CPU
		{8911EC51-97C1-46A8-A02E-C801B4052AF1}.Debug|Any CPU.Build.0 = Debug|Any CPU
		{8911EC51-97C1-46A8-A02E-C801B4052AF1}.Release|Any CPU.ActiveCfg = Release|Any CPU
		{8911EC51-97C1-46A8-A02E-C801B4052AF1}.Release|Any CPU.Build.0 = Release|Any CPU
		{55A5B72F-D2D8-4A30-92A9-9CDC4C534407}.Debug|Any CPU.ActiveCfg = Debug|Any CPU
		{55A5B72F-D2D8-4A30-92A9-9CDC4C534407}.Debug|Any CPU.Build.0 = Debug|Any CPU
		{55A5B72F-D2D8-4A30-92A9-9CDC4C534407}.Release|Any CPU.ActiveCfg = Release|Any CPU
		{55A5B72F-D2D8-4A30-92A9-9CDC4C534407}.Release|Any CPU.Build.0 = Release|Any CPU
		{F37E4E98-9140-44EB-832C-AC5945C48AF5}.Debug|Any CPU.ActiveCfg = Debug|Any CPU
		{F37E4E98-9140-44EB-832C-AC5945C48AF5}.Debug|Any CPU.Build.0 = Debug|Any CPU
		{F37E4E98-9140-44EB-832C-AC5945C48AF5}.Release|Any CPU.ActiveCfg = Release|Any CPU
		{F37E4E98-9140-44EB-832C-AC5945C48AF5}.Release|Any CPU.Build.0 = Release|Any CPU
		{DB16B484-1DAC-4711-9C25-FDCBB930AA5E}.Debug|Any CPU.ActiveCfg = Debug|Any CPU
		{DB16B484-1DAC-4711-9C25-FDCBB930AA5E}.Debug|Any CPU.Build.0 = Debug|Any CPU
		{DB16B484-1DAC-4711-9C25-FDCBB930AA5E}.Release|Any CPU.ActiveCfg = Release|Any CPU
		{DB16B484-1DAC-4711-9C25-FDCBB930AA5E}.Release|Any CPU.Build.0 = Release|Any CPU
		{467F7CE1-F059-4CC1-ABFB-7601C0A2771A}.Debug|Any CPU.ActiveCfg = Debug|Any CPU
		{467F7CE1-F059-4CC1-ABFB-7601C0A2771A}.Debug|Any CPU.Build.0 = Debug|Any CPU
		{467F7CE1-F059-4CC1-ABFB-7601C0A2771A}.Release|Any CPU.ActiveCfg = Release|Any CPU
		{467F7CE1-F059-4CC1-ABFB-7601C0A2771A}.Release|Any CPU.Build.0 = Release|Any CPU
		{FB6441F0-B904-45A5-95EB-B948F08523A8}.Debug|Any CPU.ActiveCfg = Debug|Any CPU
		{FB6441F0-B904-45A5-95EB-B948F08523A8}.Debug|Any CPU.Build.0 = Debug|Any CPU
		{FB6441F0-B904-45A5-95EB-B948F08523A8}.Release|Any CPU.ActiveCfg = Release|Any CPU
		{FB6441F0-B904-45A5-95EB-B948F08523A8}.Release|Any CPU.Build.0 = Release|Any CPU
		{74853AB1-72DA-4A15-BD6A-89C581417B0C}.Debug|Any CPU.ActiveCfg = Debug|Any CPU
		{74853AB1-72DA-4A15-BD6A-89C581417B0C}.Debug|Any CPU.Build.0 = Debug|Any CPU
		{74853AB1-72DA-4A15-BD6A-89C581417B0C}.Release|Any CPU.ActiveCfg = Release|Any CPU
		{74853AB1-72DA-4A15-BD6A-89C581417B0C}.Release|Any CPU.Build.0 = Release|Any CPU
		{73654DD7-5076-4998-AE6D-0C466E31D37C}.Debug|Any CPU.ActiveCfg = Debug|Any CPU
		{73654DD7-5076-4998-AE6D-0C466E31D37C}.Debug|Any CPU.Build.0 = Debug|Any CPU
		{73654DD7-5076-4998-AE6D-0C466E31D37C}.Release|Any CPU.ActiveCfg = Release|Any CPU
		{73654DD7-5076-4998-AE6D-0C466E31D37C}.Release|Any CPU.Build.0 = Release|Any CPU
		{C4BCAACA-FEF6-4399-ABE8-61760320FB0E}.Debug|Any CPU.ActiveCfg = Debug|Any CPU
		{C4BCAACA-FEF6-4399-ABE8-61760320FB0E}.Debug|Any CPU.Build.0 = Debug|Any CPU
		{C4BCAACA-FEF6-4399-ABE8-61760320FB0E}.Release|Any CPU.ActiveCfg = Release|Any CPU
		{C4BCAACA-FEF6-4399-ABE8-61760320FB0E}.Release|Any CPU.Build.0 = Release|Any CPU
		{1FEF9512-BC94-4676-B615-5647F20E3C5B}.Debug|Any CPU.ActiveCfg = Debug|Any CPU
		{1FEF9512-BC94-4676-B615-5647F20E3C5B}.Debug|Any CPU.Build.0 = Debug|Any CPU
		{1FEF9512-BC94-4676-B615-5647F20E3C5B}.Release|Any CPU.ActiveCfg = Release|Any CPU
		{1FEF9512-BC94-4676-B615-5647F20E3C5B}.Release|Any CPU.Build.0 = Release|Any CPU
	EndGlobalSection
	GlobalSection(SolutionProperties) = preSolution
		HideSolutionNode = FALSE
	EndGlobalSection
	GlobalSection(NestedProjects) = preSolution
		{3DA5064D-118A-4EBB-8AF1-1D5A1B0D5CC6} = {13D48A46-4A8C-419B-A19B-729E7F56C83E}
		{B168792E-45B3-4A64-905F-FA1A0941847C} = {13D48A46-4A8C-419B-A19B-729E7F56C83E}
		{30181127-13B6-4513-82CD-585EB8539D82} = {13D48A46-4A8C-419B-A19B-729E7F56C83E}
		{13047F2B-2C39-4D9B-AD4A-586297420055} = {13D48A46-4A8C-419B-A19B-729E7F56C83E}
		{10CF9FD0-D1D9-43C2-9858-1E9B5E44EBC0} = {13D48A46-4A8C-419B-A19B-729E7F56C83E}
		{78D69EBD-2974-47E5-A84D-7ABEB77810AD} = {F744067D-DE45-4584-9313-B46B0A22C221}
		{8D8D1ED6-9BA8-409F-9976-D634A093FF16} = {F744067D-DE45-4584-9313-B46B0A22C221}
		{6E91338E-F6B0-4600-961B-FCBD3415CE2C} = {F744067D-DE45-4584-9313-B46B0A22C221}
		{8911EC51-97C1-46A8-A02E-C801B4052AF1} = {F744067D-DE45-4584-9313-B46B0A22C221}
		{55A5B72F-D2D8-4A30-92A9-9CDC4C534407} = {F744067D-DE45-4584-9313-B46B0A22C221}
		{F37E4E98-9140-44EB-832C-AC5945C48AF5} = {F744067D-DE45-4584-9313-B46B0A22C221}
		{DB16B484-1DAC-4711-9C25-FDCBB930AA5E} = {F744067D-DE45-4584-9313-B46B0A22C221}
		{467F7CE1-F059-4CC1-ABFB-7601C0A2771A} = {F744067D-DE45-4584-9313-B46B0A22C221}
		{FB6441F0-B904-45A5-95EB-B948F08523A8} = {F744067D-DE45-4584-9313-B46B0A22C221}
		{74853AB1-72DA-4A15-BD6A-89C581417B0C} = {F744067D-DE45-4584-9313-B46B0A22C221}
		{73654DD7-5076-4998-AE6D-0C466E31D37C} = {F744067D-DE45-4584-9313-B46B0A22C221}
		{C4BCAACA-FEF6-4399-ABE8-61760320FB0E} = {F744067D-DE45-4584-9313-B46B0A22C221}
		{1FEF9512-BC94-4676-B615-5647F20E3C5B} = {F744067D-DE45-4584-9313-B46B0A22C221}
	EndGlobalSection
	GlobalSection(ExtensibilityGlobals) = postSolution
		SolutionGuid = {846F9B4D-4750-4CE0-BFA3-8F56D144285D}
	EndGlobalSection
EndGlobal
