
Microsoft Visual Studio Solution File, Format Version 12.00
# Visual Studio Version 17
VisualStudioVersion = 17.2.32505.173
MinimumVisualStudioVersion = 10.0.40219.1
Project("{9A19103F-16F7-4668-BE54-9A1E7A4F7556}") = "CatalogService.API", "CatalogService.API\CatalogService.API.csproj", "{7D75DE07-8949-4B04-BA3D-1AE2E0150C83}"
EndProject
Project("{9A19103F-16F7-4668-BE54-9A1E7A4F7556}") = "CatalogService.Application", "CatalogService.Application\CatalogService.Application.csproj", "{6A776DAF-3B2F-4605-A78F-DCD2F7B8AF59}"
EndProject
Project("{9A19103F-16F7-4668-BE54-9A1E7A4F7556}") = "CatalogService.Core", "CatalogService.Core\CatalogService.Core.csproj", "{F8523A6F-657B-41DA-9770-1327DF38CDD0}"
EndProject
Project("{9A19103F-16F7-4668-BE54-9A1E7A4F7556}") = "CatalogService.Infrastructure", "CatalogService.Infrastructure\CatalogService.Infrastructure.csproj", "{9D01E3E4-3B57-493D-8BD2-F151E814FD78}"
EndProject
Project("{9A19103F-16F7-4668-BE54-9A1E7A4F7556}") = "CatalogService.Contracts", "CatalogService.Contracts\CatalogService.Contracts.csproj", "{9EE15E1D-D71F-4C93-ADC7-BF3C890F4883}"
EndProject
Project("{2150E333-8FDC-42A3-9474-1A3956D46DE8}") = "BuildingBlocks", "BuildingBlocks", "{BB9503EE-5D8D-4E8A-8DBC-50C78DE9BAA2}"
EndProject
Project("{9A19103F-16F7-4668-BE54-9A1E7A4F7556}") = "BuildingBlocks.Domain", "..\..\BuildingBlocks\BuildingBlocks.Domain\BuildingBlocks.Domain.csproj", "{031BAB76-88CE-4E8B-BAFA-DF056928E7C5}"
EndProject
Project("{9A19103F-16F7-4668-BE54-9A1E7A4F7556}") = "BuildingBlocks.Exceptions", "..\..\BuildingBlocks\BuildingBlocks.Exceptions\BuildingBlocks.Exceptions.csproj", "{4CF8AE79-1E7C-4E3B-B6A0-83A4A3A8F1D2}"
EndProject
Project("{9A19103F-16F7-4668-BE54-9A1E7A4F7556}") = "BuildingBlocks.Extensions", "..\..\BuildingBlocks\BuildingBlocks.Extensions\BuildingBlocks.Extensions.csproj", "{80262DD8-BD7A-4040-A01D-24BC11B1B3F1}"
EndProject
Project("{9A19103F-16F7-4668-BE54-9A1E7A4F7556}") = "BuildingBlocks.Masstransit", "..\..\BuildingBlocks\BuildingBlocks.Masstransit\BuildingBlocks.Masstransit.csproj", "{ED4322F6-2208-4EEF-ADA0-4205A8847CED}"
EndProject
Project("{9A19103F-16F7-4668-BE54-9A1E7A4F7556}") = "BuildingBlocks.Middleware", "..\..\BuildingBlocks\BuildingBlocks.Middleware\BuildingBlocks.Middleware.csproj", "{2EF2B748-7DDA-4B0C-BCBB-36F5D40BBC31}"
EndProject
Project("{9A19103F-16F7-4668-BE54-9A1E7A4F7556}") = "BuildingBlocks.Mongo", "..\..\BuildingBlocks\BuildingBlocks.Mongo\BuildingBlocks.Mongo.csproj", "{589AAB01-2980-4E8D-8636-9A5BBB60196D}"
EndProject
Project("{9A19103F-16F7-4668-BE54-9A1E7A4F7556}") = "BuildingBlocks.EfCore", "..\..\BuildingBlocks\BuildingBlocks.EfCore\BuildingBlocks.EfCore.csproj", "{7BB8F7A5-4A93-480D-B526-A7A77F24ACE0}"
EndProject
Project("{9A19103F-16F7-4668-BE54-9A1E7A4F7556}") = "BuildingBlocks.Redis", "..\..\BuildingBlocks\BuildingBlocks.Redis\BuildingBlocks.Redis.csproj", "{22562333-E01F-41C2-9ED9-1CAD57E3CA5F}"
EndProject
Project("{9A19103F-16F7-4668-BE54-9A1E7A4F7556}") = "BuildingBlocks.Cache", "..\..\BuildingBlocks\BuildingBlocks.Cache\BuildingBlocks.Cache.csproj", "{719B897B-F017-4914-9F99-4DC910DDE043}"
EndProject
Project("{9A19103F-16F7-4668-BE54-9A1E7A4F7556}") = "BuildingBlocks.Multitenancy", "..\..\BuildingBlocks\BuildingBlocks.Multitenancy\BuildingBlocks.Multitenancy.csproj", "{BB45AAD3-3269-4DF6-B3A8-ABFFF3771D9B}"
EndProject
Project("{2150E333-8FDC-42A3-9474-1A3956D46DE8}") = "Contracts", "Contracts", "{78D19E08-26F9-4953-BA16-498D3643D80C}"
EndProject
Project("{9A19103F-16F7-4668-BE54-9A1E7A4F7556}") = "FileService.Contracts", "..\FileService\FileService.Contracts\FileService.Contracts.csproj", "{E022505E-013B-431D-9B9F-35983CDBB0B8}"
EndProject
Global
	GlobalSection(SolutionConfigurationPlatforms) = preSolution
		Debug|Any CPU = Debug|Any CPU
		Release|Any CPU = Release|Any CPU
	EndGlobalSection
	GlobalSection(ProjectConfigurationPlatforms) = postSolution
		{7D75DE07-8949-4B04-BA3D-1AE2E0150C83}.Debug|Any CPU.ActiveCfg = Debug|Any CPU
		{7D75DE07-8949-4B04-BA3D-1AE2E0150C83}.Debug|Any CPU.Build.0 = Debug|Any CPU
		{7D75DE07-8949-4B04-BA3D-1AE2E0150C83}.Release|Any CPU.ActiveCfg = Release|Any CPU
		{7D75DE07-8949-4B04-BA3D-1AE2E0150C83}.Release|Any CPU.Build.0 = Release|Any CPU
		{6A776DAF-3B2F-4605-A78F-DCD2F7B8AF59}.Debug|Any CPU.ActiveCfg = Debug|Any CPU
		{6A776DAF-3B2F-4605-A78F-DCD2F7B8AF59}.Debug|Any CPU.Build.0 = Debug|Any CPU
		{6A776DAF-3B2F-4605-A78F-DCD2F7B8AF59}.Release|Any CPU.ActiveCfg = Release|Any CPU
		{6A776DAF-3B2F-4605-A78F-DCD2F7B8AF59}.Release|Any CPU.Build.0 = Release|Any CPU
		{F8523A6F-657B-41DA-9770-1327DF38CDD0}.Debug|Any CPU.ActiveCfg = Debug|Any CPU
		{F8523A6F-657B-41DA-9770-1327DF38CDD0}.Debug|Any CPU.Build.0 = Debug|Any CPU
		{F8523A6F-657B-41DA-9770-1327DF38CDD0}.Release|Any CPU.ActiveCfg = Release|Any CPU
		{F8523A6F-657B-41DA-9770-1327DF38CDD0}.Release|Any CPU.Build.0 = Release|Any CPU
		{9D01E3E4-3B57-493D-8BD2-F151E814FD78}.Debug|Any CPU.ActiveCfg = Debug|Any CPU
		{9D01E3E4-3B57-493D-8BD2-F151E814FD78}.Debug|Any CPU.Build.0 = Debug|Any CPU
		{9D01E3E4-3B57-493D-8BD2-F151E814FD78}.Release|Any CPU.ActiveCfg = Release|Any CPU
		{9D01E3E4-3B57-493D-8BD2-F151E814FD78}.Release|Any CPU.Build.0 = Release|Any CPU
		{9EE15E1D-D71F-4C93-ADC7-BF3C890F4883}.Debug|Any CPU.ActiveCfg = Debug|Any CPU
		{9EE15E1D-D71F-4C93-ADC7-BF3C890F4883}.Debug|Any CPU.Build.0 = Debug|Any CPU
		{9EE15E1D-D71F-4C93-ADC7-BF3C890F4883}.Release|Any CPU.ActiveCfg = Release|Any CPU
		{9EE15E1D-D71F-4C93-ADC7-BF3C890F4883}.Release|Any CPU.Build.0 = Release|Any CPU
		{031BAB76-88CE-4E8B-BAFA-DF056928E7C5}.Debug|Any CPU.ActiveCfg = Debug|Any CPU
		{031BAB76-88CE-4E8B-BAFA-DF056928E7C5}.Debug|Any CPU.Build.0 = Debug|Any CPU
		{031BAB76-88CE-4E8B-BAFA-DF056928E7C5}.Release|Any CPU.ActiveCfg = Release|Any CPU
		{031BAB76-88CE-4E8B-BAFA-DF056928E7C5}.Release|Any CPU.Build.0 = Release|Any CPU
		{4CF8AE79-1E7C-4E3B-B6A0-83A4A3A8F1D2}.Debug|Any CPU.ActiveCfg = Debug|Any CPU
		{4CF8AE79-1E7C-4E3B-B6A0-83A4A3A8F1D2}.Debug|Any CPU.Build.0 = Debug|Any CPU
		{4CF8AE79-1E7C-4E3B-B6A0-83A4A3A8F1D2}.Release|Any CPU.ActiveCfg = Release|Any CPU
		{4CF8AE79-1E7C-4E3B-B6A0-83A4A3A8F1D2}.Release|Any CPU.Build.0 = Release|Any CPU
		{80262DD8-BD7A-4040-A01D-24BC11B1B3F1}.Debug|Any CPU.ActiveCfg = Debug|Any CPU
		{80262DD8-BD7A-4040-A01D-24BC11B1B3F1}.Debug|Any CPU.Build.0 = Debug|Any CPU
		{80262DD8-BD7A-4040-A01D-24BC11B1B3F1}.Release|Any CPU.ActiveCfg = Release|Any CPU
		{80262DD8-BD7A-4040-A01D-24BC11B1B3F1}.Release|Any CPU.Build.0 = Release|Any CPU
		{ED4322F6-2208-4EEF-ADA0-4205A8847CED}.Debug|Any CPU.ActiveCfg = Debug|Any CPU
		{ED4322F6-2208-4EEF-ADA0-4205A8847CED}.Debug|Any CPU.Build.0 = Debug|Any CPU
		{ED4322F6-2208-4EEF-ADA0-4205A8847CED}.Release|Any CPU.ActiveCfg = Release|Any CPU
		{ED4322F6-2208-4EEF-ADA0-4205A8847CED}.Release|Any CPU.Build.0 = Release|Any CPU
		{2EF2B748-7DDA-4B0C-BCBB-36F5D40BBC31}.Debug|Any CPU.ActiveCfg = Debug|Any CPU
		{2EF2B748-7DDA-4B0C-BCBB-36F5D40BBC31}.Debug|Any CPU.Build.0 = Debug|Any CPU
		{2EF2B748-7DDA-4B0C-BCBB-36F5D40BBC31}.Release|Any CPU.ActiveCfg = Release|Any CPU
		{2EF2B748-7DDA-4B0C-BCBB-36F5D40BBC31}.Release|Any CPU.Build.0 = Release|Any CPU
		{589AAB01-2980-4E8D-8636-9A5BBB60196D}.Debug|Any CPU.ActiveCfg = Debug|Any CPU
		{589AAB01-2980-4E8D-8636-9A5BBB60196D}.Debug|Any CPU.Build.0 = Debug|Any CPU
		{589AAB01-2980-4E8D-8636-9A5BBB60196D}.Release|Any CPU.ActiveCfg = Release|Any CPU
		{589AAB01-2980-4E8D-8636-9A5BBB60196D}.Release|Any CPU.Build.0 = Release|Any CPU
		{7BB8F7A5-4A93-480D-B526-A7A77F24ACE0}.Debug|Any CPU.ActiveCfg = Debug|Any CPU
		{7BB8F7A5-4A93-480D-B526-A7A77F24ACE0}.Debug|Any CPU.Build.0 = Debug|Any CPU
		{7BB8F7A5-4A93-480D-B526-A7A77F24ACE0}.Release|Any CPU.ActiveCfg = Release|Any CPU
		{7BB8F7A5-4A93-480D-B526-A7A77F24ACE0}.Release|Any CPU.Build.0 = Release|Any CPU
		{22562333-E01F-41C2-9ED9-1CAD57E3CA5F}.Debug|Any CPU.ActiveCfg = Debug|Any CPU
		{22562333-E01F-41C2-9ED9-1CAD57E3CA5F}.Debug|Any CPU.Build.0 = Debug|Any CPU
		{22562333-E01F-41C2-9ED9-1CAD57E3CA5F}.Release|Any CPU.ActiveCfg = Release|Any CPU
		{22562333-E01F-41C2-9ED9-1CAD57E3CA5F}.Release|Any CPU.Build.0 = Release|Any CPU
		{719B897B-F017-4914-9F99-4DC910DDE043}.Debug|Any CPU.ActiveCfg = Debug|Any CPU
		{719B897B-F017-4914-9F99-4DC910DDE043}.Debug|Any CPU.Build.0 = Debug|Any CPU
		{719B897B-F017-4914-9F99-4DC910DDE043}.Release|Any CPU.ActiveCfg = Release|Any CPU
		{719B897B-F017-4914-9F99-4DC910DDE043}.Release|Any CPU.Build.0 = Release|Any CPU
		{BB45AAD3-3269-4DF6-B3A8-ABFFF3771D9B}.Debug|Any CPU.ActiveCfg = Debug|Any CPU
		{BB45AAD3-3269-4DF6-B3A8-ABFFF3771D9B}.Debug|Any CPU.Build.0 = Debug|Any CPU
		{BB45AAD3-3269-4DF6-B3A8-ABFFF3771D9B}.Release|Any CPU.ActiveCfg = Release|Any CPU
		{BB45AAD3-3269-4DF6-B3A8-ABFFF3771D9B}.Release|Any CPU.Build.0 = Release|Any CPU
		{E022505E-013B-431D-9B9F-35983CDBB0B8}.Debug|Any CPU.ActiveCfg = Debug|Any CPU
		{E022505E-013B-431D-9B9F-35983CDBB0B8}.Debug|Any CPU.Build.0 = Debug|Any CPU
		{E022505E-013B-431D-9B9F-35983CDBB0B8}.Release|Any CPU.ActiveCfg = Release|Any CPU
		{E022505E-013B-431D-9B9F-35983CDBB0B8}.Release|Any CPU.Build.0 = Release|Any CPU
	EndGlobalSection
	GlobalSection(SolutionProperties) = preSolution
		HideSolutionNode = FALSE
	EndGlobalSection
	GlobalSection(NestedProjects) = preSolution
		{031BAB76-88CE-4E8B-BAFA-DF056928E7C5} = {BB9503EE-5D8D-4E8A-8DBC-50C78DE9BAA2}
		{4CF8AE79-1E7C-4E3B-B6A0-83A4A3A8F1D2} = {BB9503EE-5D8D-4E8A-8DBC-50C78DE9BAA2}
		{80262DD8-BD7A-4040-A01D-24BC11B1B3F1} = {BB9503EE-5D8D-4E8A-8DBC-50C78DE9BAA2}
		{ED4322F6-2208-4EEF-ADA0-4205A8847CED} = {BB9503EE-5D8D-4E8A-8DBC-50C78DE9BAA2}
		{2EF2B748-7DDA-4B0C-BCBB-36F5D40BBC31} = {BB9503EE-5D8D-4E8A-8DBC-50C78DE9BAA2}
		{589AAB01-2980-4E8D-8636-9A5BBB60196D} = {BB9503EE-5D8D-4E8A-8DBC-50C78DE9BAA2}
		{7BB8F7A5-4A93-480D-B526-A7A77F24ACE0} = {BB9503EE-5D8D-4E8A-8DBC-50C78DE9BAA2}
		{22562333-E01F-41C2-9ED9-1CAD57E3CA5F} = {BB9503EE-5D8D-4E8A-8DBC-50C78DE9BAA2}
		{719B897B-F017-4914-9F99-4DC910DDE043} = {BB9503EE-5D8D-4E8A-8DBC-50C78DE9BAA2}
		{BB45AAD3-3269-4DF6-B3A8-ABFFF3771D9B} = {BB9503EE-5D8D-4E8A-8DBC-50C78DE9BAA2}
		{E022505E-013B-431D-9B9F-35983CDBB0B8} = {78D19E08-26F9-4953-BA16-498D3643D80C}
	EndGlobalSection
	GlobalSection(ExtensibilityGlobals) = postSolution
		SolutionGuid = {81B2CC86-9495-4FF1-B22A-09448B7FFA1B}
	EndGlobalSection
EndGlobal
